// !$*UTF8*$!
{
	archiveVersion = 1;
	classes = {
	};
	objectVersion = 46;
	objects = {

/* Begin PBXBuildFile section */
		046418A41D19446D00D338CC /* main.m in Sources */ = {isa = PBXBuildFile; fileRef = 046418A31D19446D00D338CC /* main.m */; };
		046418A71D19446D00D338CC /* AppDelegate.m in Sources */ = {isa = PBXBuildFile; fileRef = 046418A61D19446D00D338CC /* AppDelegate.m */; };
		046418AD1D19446D00D338CC /* Main.storyboard in Resources */ = {isa = PBXBuildFile; fileRef = 046418AB1D19446D00D338CC /* Main.storyboard */; };
		046418AF1D19446D00D338CC /* Assets.xcassets in Resources */ = {isa = PBXBuildFile; fileRef = 046418AE1D19446D00D338CC /* Assets.xcassets */; };
		046418B21D19446D00D338CC /* LaunchScreen.storyboard in Resources */ = {isa = PBXBuildFile; fileRef = 046418B01D19446D00D338CC /* LaunchScreen.storyboard */; };
		046418BD1D19446D00D338CC /* MyDouYuTests.m in Sources */ = {isa = PBXBuildFile; fileRef = 046418BC1D19446D00D338CC /* MyDouYuTests.m */; };
		046418C81D19446D00D338CC /* MyDouYuUITests.m in Sources */ = {isa = PBXBuildFile; fileRef = 046418C71D19446D00D338CC /* MyDouYuUITests.m */; };
		046418D81D1947F200D338CC /* BaseTabBarController.m in Sources */ = {isa = PBXBuildFile; fileRef = 046418D71D1947F200D338CC /* BaseTabBarController.m */; };
		1F61572B1D1F80250060C874 /* OnlineCollectionCell.m in Sources */ = {isa = PBXBuildFile; fileRef = 1F61572A1D1F80250060C874 /* OnlineCollectionCell.m */; };
		1F61572E1D1F834C0060C874 /* OnlineModel.m in Sources */ = {isa = PBXBuildFile; fileRef = 1F61572D1D1F834C0060C874 /* OnlineModel.m */; };
		1F9DAE3B1D30A57B0000F424 /* SettingViewController.m in Sources */ = {isa = PBXBuildFile; fileRef = 1F9DAE3A1D30A57B0000F424 /* SettingViewController.m */; };
		1F9DAE411D30A8610000F424 /* SettingSectionView.m in Sources */ = {isa = PBXBuildFile; fileRef = 1F9DAE401D30A8610000F424 /* SettingSectionView.m */; };
		1FA576041D1E2CDB00136838 /* RecommendController.m in Sources */ = {isa = PBXBuildFile; fileRef = 1FA576031D1E2CDB00136838 /* RecommendController.m */; };
		1FA576071D1E2CEC00136838 /* ColumnController.m in Sources */ = {isa = PBXBuildFile; fileRef = 1FA576061D1E2CEC00136838 /* ColumnController.m */; };
		1FA5760A1D1E2CFC00136838 /* OnlineViewController.m in Sources */ = {isa = PBXBuildFile; fileRef = 1FA576091D1E2CFC00136838 /* OnlineViewController.m */; };
		1FA5760D1D1E2D0A00136838 /* MineController.m in Sources */ = {isa = PBXBuildFile; fileRef = 1FA5760C1D1E2D0A00136838 /* MineController.m */; };
		1FA576101D1E2DFE00136838 /* BaseNavigationController.m in Sources */ = {isa = PBXBuildFile; fileRef = 1FA5760F1D1E2DFE00136838 /* BaseNavigationController.m */; };
		1FA576171D1E42F700136838 /* MineFirstCell.m in Sources */ = {isa = PBXBuildFile; fileRef = 1FA576161D1E42F700136838 /* MineFirstCell.m */; };
		1FA5761A1D1E625200136838 /* BaseViewController.m in Sources */ = {isa = PBXBuildFile; fileRef = 1FA576191D1E625100136838 /* BaseViewController.m */; };
		B40B5CCFA95811EC6A27F4B2 /* libPods-MyDouYu.a in Frameworks */ = {isa = PBXBuildFile; fileRef = CA42C1F0FE9CC1BF91C156E3 /* libPods-MyDouYu.a */; };
/* End PBXBuildFile section */

/* Begin PBXContainerItemProxy section */
		046418B91D19446D00D338CC /* PBXContainerItemProxy */ = {
			isa = PBXContainerItemProxy;
			containerPortal = 046418971D19446C00D338CC /* Project object */;
			proxyType = 1;
			remoteGlobalIDString = 0464189E1D19446D00D338CC;
			remoteInfo = MyDouYu;
		};
		046418C41D19446D00D338CC /* PBXContainerItemProxy */ = {
			isa = PBXContainerItemProxy;
			containerPortal = 046418971D19446C00D338CC /* Project object */;
			proxyType = 1;
			remoteGlobalIDString = 0464189E1D19446D00D338CC;
			remoteInfo = MyDouYu;
		};
/* End PBXContainerItemProxy section */

/* Begin PBXFileReference section */
		0464189F1D19446D00D338CC /* MyDouYu.app */ = {isa = PBXFileReference; explicitFileType = wrapper.application; includeInIndex = 0; path = MyDouYu.app; sourceTree = BUILT_PRODUCTS_DIR; };
		046418A31D19446D00D338CC /* main.m */ = {isa = PBXFileReference; lastKnownFileType = sourcecode.c.objc; path = main.m; sourceTree = "<group>"; };
		046418A51D19446D00D338CC /* AppDelegate.h */ = {isa = PBXFileReference; lastKnownFileType = sourcecode.c.h; path = AppDelegate.h; sourceTree = "<group>"; };
		046418A61D19446D00D338CC /* AppDelegate.m */ = {isa = PBXFileReference; lastKnownFileType = sourcecode.c.objc; path = AppDelegate.m; sourceTree = "<group>"; };
		046418AC1D19446D00D338CC /* Base */ = {isa = PBXFileReference; lastKnownFileType = file.storyboard; name = Base; path = Base.lproj/Main.storyboard; sourceTree = "<group>"; };
		046418AE1D19446D00D338CC /* Assets.xcassets */ = {isa = PBXFileReference; lastKnownFileType = folder.assetcatalog; path = Assets.xcassets; sourceTree = "<group>"; };
		046418B11D19446D00D338CC /* Base */ = {isa = PBXFileReference; lastKnownFileType = file.storyboard; name = Base; path = Base.lproj/LaunchScreen.storyboard; sourceTree = "<group>"; };
		046418B31D19446D00D338CC /* Info.plist */ = {isa = PBXFileReference; lastKnownFileType = text.plist.xml; path = Info.plist; sourceTree = "<group>"; };
		046418B81D19446D00D338CC /* MyDouYuTests.xctest */ = {isa = PBXFileReference; explicitFileType = wrapper.cfbundle; includeInIndex = 0; path = MyDouYuTests.xctest; sourceTree = BUILT_PRODUCTS_DIR; };
		046418BC1D19446D00D338CC /* MyDouYuTests.m */ = {isa = PBXFileReference; lastKnownFileType = sourcecode.c.objc; path = MyDouYuTests.m; sourceTree = "<group>"; };
		046418BE1D19446D00D338CC /* Info.plist */ = {isa = PBXFileReference; lastKnownFileType = text.plist.xml; path = Info.plist; sourceTree = "<group>"; };
		046418C31D19446D00D338CC /* MyDouYuUITests.xctest */ = {isa = PBXFileReference; explicitFileType = wrapper.cfbundle; includeInIndex = 0; path = MyDouYuUITests.xctest; sourceTree = BUILT_PRODUCTS_DIR; };
		046418C71D19446D00D338CC /* MyDouYuUITests.m */ = {isa = PBXFileReference; lastKnownFileType = sourcecode.c.objc; path = MyDouYuUITests.m; sourceTree = "<group>"; };
		046418C91D19446D00D338CC /* Info.plist */ = {isa = PBXFileReference; lastKnownFileType = text.plist.xml; path = Info.plist; sourceTree = "<group>"; };
		046418D51D19460A00D338CC /* MyDouYu_PrefixHeader.pch */ = {isa = PBXFileReference; fileEncoding = 4; lastKnownFileType = sourcecode.c.h; path = MyDouYu_PrefixHeader.pch; sourceTree = "<group>"; };
		046418D61D1947F200D338CC /* BaseTabBarController.h */ = {isa = PBXFileReference; fileEncoding = 4; lastKnownFileType = sourcecode.c.h; path = BaseTabBarController.h; sourceTree = "<group>"; };
		046418D71D1947F200D338CC /* BaseTabBarController.m */ = {isa = PBXFileReference; fileEncoding = 4; lastKnownFileType = sourcecode.c.objc; path = BaseTabBarController.m; sourceTree = "<group>"; };
		1F6157291D1F80250060C874 /* OnlineCollectionCell.h */ = {isa = PBXFileReference; fileEncoding = 4; lastKnownFileType = sourcecode.c.h; path = OnlineCollectionCell.h; sourceTree = "<group>"; };
		1F61572A1D1F80250060C874 /* OnlineCollectionCell.m */ = {isa = PBXFileReference; fileEncoding = 4; lastKnownFileType = sourcecode.c.objc; path = OnlineCollectionCell.m; sourceTree = "<group>"; };
		1F61572C1D1F834C0060C874 /* OnlineModel.h */ = {isa = PBXFileReference; fileEncoding = 4; lastKnownFileType = sourcecode.c.h; path = OnlineModel.h; sourceTree = "<group>"; };
		1F61572D1D1F834C0060C874 /* OnlineModel.m */ = {isa = PBXFileReference; fileEncoding = 4; lastKnownFileType = sourcecode.c.objc; path = OnlineModel.m; sourceTree = "<group>"; };
		1F9DAE391D30A57B0000F424 /* SettingViewController.h */ = {isa = PBXFileReference; fileEncoding = 4; lastKnownFileType = sourcecode.c.h; path = SettingViewController.h; sourceTree = "<group>"; };
		1F9DAE3A1D30A57B0000F424 /* SettingViewController.m */ = {isa = PBXFileReference; fileEncoding = 4; lastKnownFileType = sourcecode.c.objc; path = SettingViewController.m; sourceTree = "<group>"; };
		1F9DAE3F1D30A8610000F424 /* SettingSectionView.h */ = {isa = PBXFileReference; fileEncoding = 4; lastKnownFileType = sourcecode.c.h; path = SettingSectionView.h; sourceTree = "<group>"; };
		1F9DAE401D30A8610000F424 /* SettingSectionView.m */ = {isa = PBXFileReference; fileEncoding = 4; lastKnownFileType = sourcecode.c.objc; path = SettingSectionView.m; sourceTree = "<group>"; };
		1FA576021D1E2CDB00136838 /* RecommendController.h */ = {isa = PBXFileReference; fileEncoding = 4; lastKnownFileType = sourcecode.c.h; path = RecommendController.h; sourceTree = "<group>"; };
		1FA576031D1E2CDB00136838 /* RecommendController.m */ = {isa = PBXFileReference; fileEncoding = 4; lastKnownFileType = sourcecode.c.objc; path = RecommendController.m; sourceTree = "<group>"; };
		1FA576051D1E2CEC00136838 /* ColumnController.h */ = {isa = PBXFileReference; fileEncoding = 4; lastKnownFileType = sourcecode.c.h; path = ColumnController.h; sourceTree = "<group>"; };
		1FA576061D1E2CEC00136838 /* ColumnController.m */ = {isa = PBXFileReference; fileEncoding = 4; lastKnownFileType = sourcecode.c.objc; path = ColumnController.m; sourceTree = "<group>"; };
		1FA576081D1E2CFC00136838 /* OnlineViewController.h */ = {isa = PBXFileReference; fileEncoding = 4; lastKnownFileType = sourcecode.c.h; path = OnlineViewController.h; sourceTree = "<group>"; };
		1FA576091D1E2CFC00136838 /* OnlineViewController.m */ = {isa = PBXFileReference; fileEncoding = 4; lastKnownFileType = sourcecode.c.objc; path = OnlineViewController.m; sourceTree = "<group>"; };
		1FA5760B1D1E2D0A00136838 /* MineController.h */ = {isa = PBXFileReference; fileEncoding = 4; lastKnownFileType = sourcecode.c.h; path = MineController.h; sourceTree = "<group>"; };
		1FA5760C1D1E2D0A00136838 /* MineController.m */ = {isa = PBXFileReference; fileEncoding = 4; lastKnownFileType = sourcecode.c.objc; path = MineController.m; sourceTree = "<group>"; };
		1FA5760E1D1E2DFE00136838 /* BaseNavigationController.h */ = {isa = PBXFileReference; fileEncoding = 4; lastKnownFileType = sourcecode.c.h; path = BaseNavigationController.h; sourceTree = "<group>"; };
		1FA5760F1D1E2DFE00136838 /* BaseNavigationController.m */ = {isa = PBXFileReference; fileEncoding = 4; lastKnownFileType = sourcecode.c.objc; path = BaseNavigationController.m; sourceTree = "<group>"; };
		1FA576151D1E42F700136838 /* MineFirstCell.h */ = {isa = PBXFileReference; fileEncoding = 4; lastKnownFileType = sourcecode.c.h; path = MineFirstCell.h; sourceTree = "<group>"; };
		1FA576161D1E42F700136838 /* MineFirstCell.m */ = {isa = PBXFileReference; fileEncoding = 4; lastKnownFileType = sourcecode.c.objc; path = MineFirstCell.m; sourceTree = "<group>"; };
		1FA576181D1E625100136838 /* BaseViewController.h */ = {isa = PBXFileReference; fileEncoding = 4; lastKnownFileType = sourcecode.c.h; path = BaseViewController.h; sourceTree = "<group>"; };
		1FA576191D1E625100136838 /* BaseViewController.m */ = {isa = PBXFileReference; fileEncoding = 4; lastKnownFileType = sourcecode.c.objc; path = BaseViewController.m; sourceTree = "<group>"; };
		256BC3C7559698A72174B308 /* Pods-MyDouYu.release.xcconfig */ = {isa = PBXFileReference; includeInIndex = 1; lastKnownFileType = text.xcconfig; name = "Pods-MyDouYu.release.xcconfig"; path = "Pods/Target Support Files/Pods-MyDouYu/Pods-MyDouYu.release.xcconfig"; sourceTree = "<group>"; };
		71BA5C1CB50BFAC1A44FC666 /* Pods-MyDouYu.debug.xcconfig */ = {isa = PBXFileReference; includeInIndex = 1; lastKnownFileType = text.xcconfig; name = "Pods-MyDouYu.debug.xcconfig"; path = "Pods/Target Support Files/Pods-MyDouYu/Pods-MyDouYu.debug.xcconfig"; sourceTree = "<group>"; };
		CA42C1F0FE9CC1BF91C156E3 /* libPods-MyDouYu.a */ = {isa = PBXFileReference; explicitFileType = archive.ar; includeInIndex = 0; path = "libPods-MyDouYu.a"; sourceTree = BUILT_PRODUCTS_DIR; };
/* End PBXFileReference section */

/* Begin PBXFrameworksBuildPhase section */
		0464189C1D19446D00D338CC /* Frameworks */ = {
			isa = PBXFrameworksBuildPhase;
			buildActionMask = 2147483647;
			files = (
				B40B5CCFA95811EC6A27F4B2 /* libPods-MyDouYu.a in Frameworks */,
			);
			runOnlyForDeploymentPostprocessing = 0;
		};
		046418B51D19446D00D338CC /* Frameworks */ = {
			isa = PBXFrameworksBuildPhase;
			buildActionMask = 2147483647;
			files = (
			);
			runOnlyForDeploymentPostprocessing = 0;
		};
		046418C01D19446D00D338CC /* Frameworks */ = {
			isa = PBXFrameworksBuildPhase;
			buildActionMask = 2147483647;
			files = (
			);
			runOnlyForDeploymentPostprocessing = 0;
		};
/* End PBXFrameworksBuildPhase section */

/* Begin PBXGroup section */
		046418961D19446C00D338CC = {
			isa = PBXGroup;
			children = (
				046418A11D19446D00D338CC /* MyDouYu */,
				046418BB1D19446D00D338CC /* MyDouYuTests */,
				046418C61D19446D00D338CC /* MyDouYuUITests */,
				046418A01D19446D00D338CC /* Products */,
				A4159115C76B2520E7B30533 /* Pods */,
				951DFD20782B0CD7D788FF97 /* Frameworks */,
			);
			sourceTree = "<group>";
		};
		046418A01D19446D00D338CC /* Products */ = {
			isa = PBXGroup;
			children = (
				0464189F1D19446D00D338CC /* MyDouYu.app */,
				046418B81D19446D00D338CC /* MyDouYuTests.xctest */,
				046418C31D19446D00D338CC /* MyDouYuUITests.xctest */,
			);
			name = Products;
			sourceTree = "<group>";
		};
		046418A11D19446D00D338CC /* MyDouYu */ = {
			isa = PBXGroup;
			children = (
				046418D51D19460A00D338CC /* MyDouYu_PrefixHeader.pch */,
				1FA5760E1D1E2DFE00136838 /* BaseNavigationController.h */,
				1FA5760F1D1E2DFE00136838 /* BaseNavigationController.m */,
				1FA576181D1E625100136838 /* BaseViewController.h */,
				1FA576191D1E625100136838 /* BaseViewController.m */,
				046418D61D1947F200D338CC /* BaseTabBarController.h */,
				046418D71D1947F200D338CC /* BaseTabBarController.m */,
				046418A51D19446D00D338CC /* AppDelegate.h */,
				046418A61D19446D00D338CC /* AppDelegate.m */,
				1FA576121D1E3A7F00136838 /* 推荐 */,
				1FA576111D1E3A7000136838 /* 栏目 */,
				1FA576131D1E3A9600136838 /* 直播 */,
				1FA576141D1E3A9C00136838 /* 我的 */,
				046418AB1D19446D00D338CC /* Main.storyboard */,
				046418AE1D19446D00D338CC /* Assets.xcassets */,
				046418B01D19446D00D338CC /* LaunchScreen.storyboard */,
				046418B31D19446D00D338CC /* Info.plist */,
				046418A21D19446D00D338CC /* Supporting Files */,
			);
			path = MyDouYu;
			sourceTree = "<group>";
		};
		046418A21D19446D00D338CC /* Supporting Files */ = {
			isa = PBXGroup;
			children = (
				046418A31D19446D00D338CC /* main.m */,
			);
			name = "Supporting Files";
			sourceTree = "<group>";
		};
		046418BB1D19446D00D338CC /* MyDouYuTests */ = {
			isa = PBXGroup;
			children = (
				046418BC1D19446D00D338CC /* MyDouYuTests.m */,
				046418BE1D19446D00D338CC /* Info.plist */,
			);
			path = MyDouYuTests;
			sourceTree = "<group>";
		};
		046418C61D19446D00D338CC /* MyDouYuUITests */ = {
			isa = PBXGroup;
			children = (
				046418C71D19446D00D338CC /* MyDouYuUITests.m */,
				046418C91D19446D00D338CC /* Info.plist */,
			);
			path = MyDouYuUITests;
			sourceTree = "<group>";
		};
		1F3C50031D28AE4000A60F14 /* Model */ = {
			isa = PBXGroup;
			children = (
				1F61572C1D1F834C0060C874 /* OnlineModel.h */,
				1F61572D1D1F834C0060C874 /* OnlineModel.m */,
			);
			name = Model;
			sourceTree = "<group>";
		};
		1F3C50041D28AE4C00A60F14 /* View */ = {
			isa = PBXGroup;
			children = (
				1F6157291D1F80250060C874 /* OnlineCollectionCell.h */,
				1F61572A1D1F80250060C874 /* OnlineCollectionCell.m */,
			);
			name = View;
			sourceTree = "<group>";
		};
		1F3C50051D28AE5900A60F14 /* Controller */ = {
			isa = PBXGroup;
			children = (
				1FA576081D1E2CFC00136838 /* OnlineViewController.h */,
				1FA576091D1E2CFC00136838 /* OnlineViewController.m */,
			);
			name = Controller;
			sourceTree = "<group>";
		};
		1F9DAE3C1D30A5820000F424 /* Model */ = {
			isa = PBXGroup;
			children = (
			);
			name = Model;
			sourceTree = "<group>";
		};
		1F9DAE3D1D30A5890000F424 /* View */ = {
			isa = PBXGroup;
			children = (
				1FA576151D1E42F700136838 /* MineFirstCell.h */,
				1FA576161D1E42F700136838 /* MineFirstCell.m */,
				1F9DAE3F1D30A8610000F424 /* SettingSectionView.h */,
				1F9DAE401D30A8610000F424 /* SettingSectionView.m */,
			);
			name = View;
			sourceTree = "<group>";
		};
		1F9DAE3E1D30A5900000F424 /* Controller */ = {
			isa = PBXGroup;
			children = (
				1FA5760B1D1E2D0A00136838 /* MineController.h */,
				1FA5760C1D1E2D0A00136838 /* MineController.m */,
				1F9DAE391D30A57B0000F424 /* SettingViewController.h */,
				1F9DAE3A1D30A57B0000F424 /* SettingViewController.m */,
			);
			name = Controller;
			sourceTree = "<group>";
		};
		1FA576111D1E3A7000136838 /* 栏目 */ = {
			isa = PBXGroup;
			children = (
				1FA576051D1E2CEC00136838 /* ColumnController.h */,
				1FA576061D1E2CEC00136838 /* ColumnController.m */,
			);
			name = "栏目";
			sourceTree = "<group>";
		};
		1FA576121D1E3A7F00136838 /* 推荐 */ = {
			isa = PBXGroup;
			children = (
				1FA576021D1E2CDB00136838 /* RecommendController.h */,
				1FA576031D1E2CDB00136838 /* RecommendController.m */,
			);
			name = "推荐";
			sourceTree = "<group>";
		};
		1FA576131D1E3A9600136838 /* 直播 */ = {
			isa = PBXGroup;
			children = (
				1F3C50031D28AE4000A60F14 /* Model */,
				1F3C50041D28AE4C00A60F14 /* View */,
				1F3C50051D28AE5900A60F14 /* Controller */,
			);
			name = "直播";
			sourceTree = "<group>";
		};
		1FA576141D1E3A9C00136838 /* 我的 */ = {
			isa = PBXGroup;
			children = (
				1F9DAE3C1D30A5820000F424 /* Model */,
				1F9DAE3D1D30A5890000F424 /* View */,
				1F9DAE3E1D30A5900000F424 /* Controller */,
			);
			name = "我的";
			sourceTree = "<group>";
		};
		951DFD20782B0CD7D788FF97 /* Frameworks */ = {
			isa = PBXGroup;
			children = (
				CA42C1F0FE9CC1BF91C156E3 /* libPods-MyDouYu.a */,
			);
			name = Frameworks;
			sourceTree = "<group>";
		};
		A4159115C76B2520E7B30533 /* Pods */ = {
			isa = PBXGroup;
			children = (
				71BA5C1CB50BFAC1A44FC666 /* Pods-MyDouYu.debug.xcconfig */,
				256BC3C7559698A72174B308 /* Pods-MyDouYu.release.xcconfig */,
			);
			name = Pods;
			sourceTree = "<group>";
		};
/* End PBXGroup section */

/* Begin PBXNativeTarget section */
		0464189E1D19446D00D338CC /* MyDouYu */ = {
			isa = PBXNativeTarget;
			buildConfigurationList = 046418CC1D19446D00D338CC /* Build configuration list for PBXNativeTarget "MyDouYu" */;
			buildPhases = (
				D0165090C4C698C9E6D8F1DE /* 📦 Check Pods Manifest.lock */,
				0464189B1D19446D00D338CC /* Sources */,
				0464189C1D19446D00D338CC /* Frameworks */,
				0464189D1D19446D00D338CC /* Resources */,
				55174805EF10661447B80A5C /* 📦 Embed Pods Frameworks */,
				8E410BD27BB273EDCC1FD6FE /* 📦 Copy Pods Resources */,
			);
			buildRules = (
			);
			dependencies = (
			);
			name = MyDouYu;
			productName = MyDouYu;
			productReference = 0464189F1D19446D00D338CC /* MyDouYu.app */;
			productType = "com.apple.product-type.application";
		};
		046418B71D19446D00D338CC /* MyDouYuTests */ = {
			isa = PBXNativeTarget;
			buildConfigurationList = 046418CF1D19446D00D338CC /* Build configuration list for PBXNativeTarget "MyDouYuTests" */;
			buildPhases = (
				046418B41D19446D00D338CC /* Sources */,
				046418B51D19446D00D338CC /* Frameworks */,
				046418B61D19446D00D338CC /* Resources */,
			);
			buildRules = (
			);
			dependencies = (
				046418BA1D19446D00D338CC /* PBXTargetDependency */,
			);
			name = MyDouYuTests;
			productName = MyDouYuTests;
			productReference = 046418B81D19446D00D338CC /* MyDouYuTests.xctest */;
			productType = "com.apple.product-type.bundle.unit-test";
		};
		046418C21D19446D00D338CC /* MyDouYuUITests */ = {
			isa = PBXNativeTarget;
			buildConfigurationList = 046418D21D19446D00D338CC /* Build configuration list for PBXNativeTarget "MyDouYuUITests" */;
			buildPhases = (
				046418BF1D19446D00D338CC /* Sources */,
				046418C01D19446D00D338CC /* Frameworks */,
				046418C11D19446D00D338CC /* Resources */,
			);
			buildRules = (
			);
			dependencies = (
				046418C51D19446D00D338CC /* PBXTargetDependency */,
			);
			name = MyDouYuUITests;
			productName = MyDouYuUITests;
			productReference = 046418C31D19446D00D338CC /* MyDouYuUITests.xctest */;
			productType = "com.apple.product-type.bundle.ui-testing";
		};
/* End PBXNativeTarget section */

/* Begin PBXProject section */
		046418971D19446C00D338CC /* Project object */ = {
			isa = PBXProject;
			attributes = {
				LastUpgradeCheck = 0730;
				ORGANIZATIONNAME = TUTK;
				TargetAttributes = {
					0464189E1D19446D00D338CC = {
						CreatedOnToolsVersion = 7.3;
					};
					046418B71D19446D00D338CC = {
						CreatedOnToolsVersion = 7.3;
						TestTargetID = 0464189E1D19446D00D338CC;
					};
					046418C21D19446D00D338CC = {
						CreatedOnToolsVersion = 7.3;
						TestTargetID = 0464189E1D19446D00D338CC;
					};
				};
			};
			buildConfigurationList = 0464189A1D19446C00D338CC /* Build configuration list for PBXProject "MyDouYu" */;
			compatibilityVersion = "Xcode 3.2";
			developmentRegion = English;
			hasScannedForEncodings = 0;
			knownRegions = (
				en,
				Base,
			);
			mainGroup = 046418961D19446C00D338CC;
			productRefGroup = 046418A01D19446D00D338CC /* Products */;
			projectDirPath = "";
			projectRoot = "";
			targets = (
				0464189E1D19446D00D338CC /* MyDouYu */,
				046418B71D19446D00D338CC /* MyDouYuTests */,
				046418C21D19446D00D338CC /* MyDouYuUITests */,
			);
		};
/* End PBXProject section */

/* Begin PBXResourcesBuildPhase section */
		0464189D1D19446D00D338CC /* Resources */ = {
			isa = PBXResourcesBuildPhase;
			buildActionMask = 2147483647;
			files = (
				046418B21D19446D00D338CC /* LaunchScreen.storyboard in Resources */,
				046418AF1D19446D00D338CC /* Assets.xcassets in Resources */,
				046418AD1D19446D00D338CC /* Main.storyboard in Resources */,
			);
			runOnlyForDeploymentPostprocessing = 0;
		};
		046418B61D19446D00D338CC /* Resources */ = {
			isa = PBXResourcesBuildPhase;
			buildActionMask = 2147483647;
			files = (
			);
			runOnlyForDeploymentPostprocessing = 0;
		};
		046418C11D19446D00D338CC /* Resources */ = {
			isa = PBXResourcesBuildPhase;
			buildActionMask = 2147483647;
			files = (
			);
			runOnlyForDeploymentPostprocessing = 0;
		};
/* End PBXResourcesBuildPhase section */

/* Begin PBXShellScriptBuildPhase section */
		55174805EF10661447B80A5C /* 📦 Embed Pods Frameworks */ = {
			isa = PBXShellScriptBuildPhase;
			buildActionMask = 2147483647;
			files = (
			);
			inputPaths = (
			);
			name = "📦 Embed Pods Frameworks";
			outputPaths = (
			);
			runOnlyForDeploymentPostprocessing = 0;
			shellPath = /bin/sh;
			shellScript = "\"${SRCROOT}/Pods/Target Support Files/Pods-MyDouYu/Pods-MyDouYu-frameworks.sh\"\n";
			showEnvVarsInLog = 0;
		};
		8E410BD27BB273EDCC1FD6FE /* 📦 Copy Pods Resources */ = {
			isa = PBXShellScriptBuildPhase;
			buildActionMask = 2147483647;
			files = (
			);
			inputPaths = (
			);
			name = "📦 Copy Pods Resources";
			outputPaths = (
			);
			runOnlyForDeploymentPostprocessing = 0;
			shellPath = /bin/sh;
			shellScript = "\"${SRCROOT}/Pods/Target Support Files/Pods-MyDouYu/Pods-MyDouYu-resources.sh\"\n";
			showEnvVarsInLog = 0;
		};
		D0165090C4C698C9E6D8F1DE /* 📦 Check Pods Manifest.lock */ = {
			isa = PBXShellScriptBuildPhase;
			buildActionMask = 2147483647;
			files = (
			);
			inputPaths = (
			);
			name = "📦 Check Pods Manifest.lock";
			outputPaths = (
			);
			runOnlyForDeploymentPostprocessing = 0;
			shellPath = /bin/sh;
			shellScript = "diff \"${PODS_ROOT}/../Podfile.lock\" \"${PODS_ROOT}/Manifest.lock\" > /dev/null\nif [[ $? != 0 ]] ; then\n    cat << EOM\nerror: The sandbox is not in sync with the Podfile.lock. Run 'pod install' or update your CocoaPods installation.\nEOM\n    exit 1\nfi\n";
			showEnvVarsInLog = 0;
		};
/* End PBXShellScriptBuildPhase section */

/* Begin PBXSourcesBuildPhase section */
		0464189B1D19446D00D338CC /* Sources */ = {
			isa = PBXSourcesBuildPhase;
			buildActionMask = 2147483647;
			files = (
				046418D81D1947F200D338CC /* BaseTabBarController.m in Sources */,
				1FA5761A1D1E625200136838 /* BaseViewController.m in Sources */,
				1F9DAE3B1D30A57B0000F424 /* SettingViewController.m in Sources */,
				1F61572B1D1F80250060C874 /* OnlineCollectionCell.m in Sources */,
				1FA5760A1D1E2CFC00136838 /* OnlineViewController.m in Sources */,
				046418A71D19446D00D338CC /* AppDelegate.m in Sources */,
				1F9DAE411D30A8610000F424 /* SettingSectionView.m in Sources */,
				1FA576041D1E2CDB00136838 /* RecommendController.m in Sources */,
				1F61572E1D1F834C0060C874 /* OnlineModel.m in Sources */,
				1FA576101D1E2DFE00136838 /* BaseNavigationController.m in Sources */,
				046418A41D19446D00D338CC /* main.m in Sources */,
				1FA576071D1E2CEC00136838 /* ColumnController.m in Sources */,
				1FA576171D1E42F700136838 /* MineFirstCell.m in Sources */,
				1FA5760D1D1E2D0A00136838 /* MineController.m in Sources */,
			);
			runOnlyForDeploymentPostprocessing = 0;
		};
		046418B41D19446D00D338CC /* Sources */ = {
			isa = PBXSourcesBuildPhase;
			buildActionMask = 2147483647;
			files = (
				046418BD1D19446D00D338CC /* MyDouYuTests.m in Sources */,
			);
			runOnlyForDeploymentPostprocessing = 0;
		};
		046418BF1D19446D00D338CC /* Sources */ = {
			isa = PBXSourcesBuildPhase;
			buildActionMask = 2147483647;
			files = (
				046418C81D19446D00D338CC /* MyDouYuUITests.m in Sources */,
			);
			runOnlyForDeploymentPostprocessing = 0;
		};
/* End PBXSourcesBuildPhase section */

/* Begin PBXTargetDependency section */
		046418BA1D19446D00D338CC /* PBXTargetDependency */ = {
			isa = PBXTargetDependency;
			target = 0464189E1D19446D00D338CC /* MyDouYu */;
			targetProxy = 046418B91D19446D00D338CC /* PBXContainerItemProxy */;
		};
		046418C51D19446D00D338CC /* PBXTargetDependency */ = {
			isa = PBXTargetDependency;
			target = 0464189E1D19446D00D338CC /* MyDouYu */;
			targetProxy = 046418C41D19446D00D338CC /* PBXContainerItemProxy */;
		};
/* End PBXTargetDependency section */

/* Begin PBXVariantGroup section */
		046418AB1D19446D00D338CC /* Main.storyboard */ = {
			isa = PBXVariantGroup;
			children = (
				046418AC1D19446D00D338CC /* Base */,
			);
			name = Main.storyboard;
			sourceTree = "<group>";
		};
		046418B01D19446D00D338CC /* LaunchScreen.storyboard */ = {
			isa = PBXVariantGroup;
			children = (
				046418B11D19446D00D338CC /* Base */,
			);
			name = LaunchScreen.storyboard;
			sourceTree = "<group>";
		};
/* End PBXVariantGroup section */

/* Begin XCBuildConfiguration section */
		046418CA1D19446D00D338CC /* Debug */ = {
			isa = XCBuildConfiguration;
			buildSettings = {
				ALWAYS_SEARCH_USER_PATHS = NO;
				CLANG_ANALYZER_NONNULL = YES;
				CLANG_CXX_LANGUAGE_STANDARD = "gnu++0x";
				CLANG_CXX_LIBRARY = "libc++";
				CLANG_ENABLE_MODULES = YES;
				CLANG_ENABLE_OBJC_ARC = YES;
				CLANG_WARN_BOOL_CONVERSION = YES;
				CLANG_WARN_CONSTANT_CONVERSION = YES;
				CLANG_WARN_DIRECT_OBJC_ISA_USAGE = YES_ERROR;
				CLANG_WARN_EMPTY_BODY = YES;
				CLANG_WARN_ENUM_CONVERSION = YES;
				CLANG_WARN_INT_CONVERSION = YES;
				CLANG_WARN_OBJC_ROOT_CLASS = YES_ERROR;
				CLANG_WARN_UNREACHABLE_CODE = YES;
				CLANG_WARN__DUPLICATE_METHOD_MATCH = YES;
				"CODE_SIGN_IDENTITY[sdk=iphoneos*]" = "iPhone Developer";
				COPY_PHASE_STRIP = NO;
				DEBUG_INFORMATION_FORMAT = dwarf;
				ENABLE_STRICT_OBJC_MSGSEND = YES;
				ENABLE_TESTABILITY = YES;
				GCC_C_LANGUAGE_STANDARD = gnu99;
				GCC_DYNAMIC_NO_PIC = NO;
				GCC_NO_COMMON_BLOCKS = YES;
				GCC_OPTIMIZATION_LEVEL = 0;
				GCC_PREPROCESSOR_DEFINITIONS = (
					"DEBUG=1",
					"$(inherited)",
				);
				GCC_WARN_64_TO_32_BIT_CONVERSION = YES;
				GCC_WARN_ABOUT_RETURN_TYPE = YES_ERROR;
				GCC_WARN_UNDECLARED_SELECTOR = YES;
				GCC_WARN_UNINITIALIZED_AUTOS = YES_AGGRESSIVE;
				GCC_WARN_UNUSED_FUNCTION = YES;
				GCC_WARN_UNUSED_VARIABLE = YES;
				IPHONEOS_DEPLOYMENT_TARGET = 9.3;
				MTL_ENABLE_DEBUG_INFO = YES;
				ONLY_ACTIVE_ARCH = YES;
				SDKROOT = iphoneos;
			};
			name = Debug;
		};
		046418CB1D19446D00D338CC /* Release */ = {
			isa = XCBuildConfiguration;
			buildSettings = {
				ALWAYS_SEARCH_USER_PATHS = NO;
				CLANG_ANALYZER_NONNULL = YES;
				CLANG_CXX_LANGUAGE_STANDARD = "gnu++0x";
				CLANG_CXX_LIBRARY = "libc++";
				CLANG_ENABLE_MODULES = YES;
				CLANG_ENABLE_OBJC_ARC = YES;
				CLANG_WARN_BOOL_CONVERSION = YES;
				CLANG_WARN_CONSTANT_CONVERSION = YES;
				CLANG_WARN_DIRECT_OBJC_ISA_USAGE = YES_ERROR;
				CLANG_WARN_EMPTY_BODY = YES;
				CLANG_WARN_ENUM_CONVERSION = YES;
				CLANG_WARN_INT_CONVERSION = YES;
				CLANG_WARN_OBJC_ROOT_CLASS = YES_ERROR;
				CLANG_WARN_UNREACHABLE_CODE = YES;
				CLANG_WARN__DUPLICATE_METHOD_MATCH = YES;
				"CODE_SIGN_IDENTITY[sdk=iphoneos*]" = "iPhone Developer";
				COPY_PHASE_STRIP = NO;
				DEBUG_INFORMATION_FORMAT = "dwarf-with-dsym";
				ENABLE_NS_ASSERTIONS = NO;
				ENABLE_STRICT_OBJC_MSGSEND = YES;
				GCC_C_LANGUAGE_STANDARD = gnu99;
				GCC_NO_COMMON_BLOCKS = YES;
				GCC_WARN_64_TO_32_BIT_CONVERSION = YES;
				GCC_WARN_ABOUT_RETURN_TYPE = YES_ERROR;
				GCC_WARN_UNDECLARED_SELECTOR = YES;
				GCC_WARN_UNINITIALIZED_AUTOS = YES_AGGRESSIVE;
				GCC_WARN_UNUSED_FUNCTION = YES;
				GCC_WARN_UNUSED_VARIABLE = YES;
				IPHONEOS_DEPLOYMENT_TARGET = 9.3;
				MTL_ENABLE_DEBUG_INFO = NO;
				SDKROOT = iphoneos;
				VALIDATE_PRODUCT = YES;
			};
			name = Release;
		};
		046418CD1D19446D00D338CC /* Debug */ = {
			isa = XCBuildConfiguration;
			baseConfigurationReference = 71BA5C1CB50BFAC1A44FC666 /* Pods-MyDouYu.debug.xcconfig */;
			buildSettings = {
				ASSETCATALOG_COMPILER_APPICON_NAME = AppIcon;
				GCC_PREFIX_HEADER = MyDouYu/MyDouYu_PrefixHeader.pch;
				INFOPLIST_FILE = MyDouYu/Info.plist;
				LD_RUNPATH_SEARCH_PATHS = "$(inherited) @executable_path/Frameworks";
				PRODUCT_BUNDLE_IDENTIFIER = TUTK.MyDouYu;
				PRODUCT_NAME = "$(TARGET_NAME)";
			};
			name = Debug;
		};
		046418CE1D19446D00D338CC /* Release */ = {
			isa = XCBuildConfiguration;
			baseConfigurationReference = 256BC3C7559698A72174B308 /* Pods-MyDouYu.release.xcconfig */;
			buildSettings = {
				ASSETCATALOG_COMPILER_APPICON_NAME = AppIcon;
				GCC_PREFIX_HEADER = MyDouYu/MyDouYu_PrefixHeader.pch;
				INFOPLIST_FILE = MyDouYu/Info.plist;
				LD_RUNPATH_SEARCH_PATHS = "$(inherited) @executable_path/Frameworks";
				PRODUCT_BUNDLE_IDENTIFIER = TUTK.MyDouYu;
				PRODUCT_NAME = "$(TARGET_NAME)";
			};
			name = Release;
		};
		046418D01D19446D00D338CC /* Debug */ = {
			isa = XCBuildConfiguration;
			buildSettings = {
				BUNDLE_LOADER = "$(TEST_HOST)";
				INFOPLIST_FILE = MyDouYuTests/Info.plist;
				LD_RUNPATH_SEARCH_PATHS = "$(inherited) @executable_path/Frameworks @loader_path/Frameworks";
				PRODUCT_BUNDLE_IDENTIFIER = TUTK.MyDouYuTests;
				PRODUCT_NAME = "$(TARGET_NAME)";
				TEST_HOST = "$(BUILT_PRODUCTS_DIR)/MyDouYu.app/MyDouYu";
			};
			name = Debug;
		};
		046418D11D19446D00D338CC /* Release */ = {
			isa = XCBuildConfiguration;
			buildSettings = {
				BUNDLE_LOADER = "$(TEST_HOST)";
				INFOPLIST_FILE = MyDouYuTests/Info.plist;
				LD_RUNPATH_SEARCH_PATHS = "$(inherited) @executable_path/Frameworks @loader_path/Frameworks";
				PRODUCT_BUNDLE_IDENTIFIER = TUTK.MyDouYuTests;
				PRODUCT_NAME = "$(TARGET_NAME)";
				TEST_HOST = "$(BUILT_PRODUCTS_DIR)/MyDouYu.app/MyDouYu";
			};
			name = Release;
		};
		046418D31D19446D00D338CC /* Debug */ = {
			isa = XCBuildConfiguration;
			buildSettings = {
				INFOPLIST_FILE = MyDouYuUITests/Info.plist;
				LD_RUNPATH_SEARCH_PATHS = "$(inherited) @executable_path/Frameworks @loader_path/Frameworks";
				PRODUCT_BUNDLE_IDENTIFIER = TUTK.MyDouYuUITests;
				PRODUCT_NAME = "$(TARGET_NAME)";
				TEST_TARGET_NAME = MyDouYu;
			};
			name = Debug;
		};
		046418D41D19446D00D338CC /* Release */ = {
			isa = XCBuildConfiguration;
			buildSettings = {
				INFOPLIST_FILE = MyDouYuUITests/Info.plist;
				LD_RUNPATH_SEARCH_PATHS = "$(inherited) @executable_path/Frameworks @loader_path/Frameworks";
				PRODUCT_BUNDLE_IDENTIFIER = TUTK.MyDouYuUITests;
				PRODUCT_NAME = "$(TARGET_NAME)";
				TEST_TARGET_NAME = MyDouYu;
			};
			name = Release;
		};
/* End XCBuildConfiguration section */

/* Begin XCConfigurationList section */
		0464189A1D19446C00D338CC /* Build configuration list for PBXProject "MyDouYu" */ = {
			isa = XCConfigurationList;
			buildConfigurations = (
				046418CA1D19446D00D338CC /* Debug */,
				046418CB1D19446D00D338CC /* Release */,
			);
			defaultConfigurationIsVisible = 0;
			defaultConfigurationName = Release;
		};
		046418CC1D19446D00D338CC /* Build configuration list for PBXNativeTarget "MyDouYu" */ = {
			isa = XCConfigurationList;
			buildConfigurations = (
				046418CD1D19446D00D338CC /* Debug */,
				046418CE1D19446D00D338CC /* Release */,
			);
			defaultConfigurationIsVisible = 0;
			defaultConfigurationName = Release;
		};
		046418CF1D19446D00D338CC /* Build configuration list for PBXNativeTarget "MyDouYuTests" */ = {
			isa = XCConfigurationList;
			buildConfigurations = (
				046418D01D19446D00D338CC /* Debug */,
				046418D11D19446D00D338CC /* Release */,
			);
			defaultConfigurationIsVisible = 0;
			defaultConfigurationName = Release;
		};
		046418D21D19446D00D338CC /* Build configuration list for PBXNativeTarget "MyDouYuUITests" */ = {
			isa = XCConfigurationList;
			buildConfigurations = (
				046418D31D19446D00D338CC /* Debug */,
				046418D41D19446D00D338CC /* Release */,
			);
			defaultConfigurationIsVisible = 0;
			defaultConfigurationName = Release;
		};
/* End XCConfigurationList section */
	};
	rootObject = 046418971D19446C00D338CC /* Project object */;
}
