// !$*UTF8*$!
{
	archiveVersion = 1;
	classes = {
	};
	objectVersion = 46;
	objects = {

/* Begin PBXBuildFile section */
		041252DE1D38E89F00C7AC47 /* ColumnCell.m in Sources */ = {isa = PBXBuildFile; fileRef = 041252DD1D38E89F00C7AC47 /* ColumnCell.m */; };
		041252E11D38E91D00C7AC47 /* ColumnModel.m in Sources */ = {isa = PBXBuildFile; fileRef = 041252E01D38E91D00C7AC47 /* ColumnModel.m */; };
		046418A41D19446D00D338CC /* main.m in Sources */ = {isa = PBXBuildFile; fileRef = 046418A31D19446D00D338CC /* main.m */; };
		046418A71D19446D00D338CC /* AppDelegate.m in Sources */ = {isa = PBXBuildFile; fileRef = 046418A61D19446D00D338CC /* AppDelegate.m */; };
		046418AD1D19446D00D338CC /* Main.storyboard in Resources */ = {isa = PBXBuildFile; fileRef = 046418AB1D19446D00D338CC /* Main.storyboard */; };
		046418AF1D19446D00D338CC /* Assets.xcassets in Resources */ = {isa = PBXBuildFile; fileRef = 046418AE1D19446D00D338CC /* Assets.xcassets */; };
		046418B21D19446D00D338CC /* LaunchScreen.storyboard in Resources */ = {isa = PBXBuildFile; fileRef = 046418B01D19446D00D338CC /* LaunchScreen.storyboard */; };
		046418BD1D19446D00D338CC /* MyDouYuTests.m in Sources */ = {isa = PBXBuildFile; fileRef = 046418BC1D19446D00D338CC /* MyDouYuTests.m */; };
		046418C81D19446D00D338CC /* MyDouYuUITests.m in Sources */ = {isa = PBXBuildFile; fileRef = 046418C71D19446D00D338CC /* MyDouYuUITests.m */; };
		046418D81D1947F200D338CC /* BaseTabBarController.m in Sources */ = {isa = PBXBuildFile; fileRef = 046418D71D1947F200D338CC /* BaseTabBarController.m */; };
		1F168B101D7BEFEF00D99D98 /* IMG_1342.PNG in Resources */ = {isa = PBXBuildFile; fileRef = 1F168B0D1D7BEFEF00D99D98 /* IMG_1342.PNG */; };
		1F168B111D7BEFEF00D99D98 /* IMG_1477.PNG in Resources */ = {isa = PBXBuildFile; fileRef = 1F168B0E1D7BEFEF00D99D98 /* IMG_1477.PNG */; };
		1F168B121D7BEFEF00D99D98 /* IMG_1478.PNG in Resources */ = {isa = PBXBuildFile; fileRef = 1F168B0F1D7BEFEF00D99D98 /* IMG_1478.PNG */; };
		1F287ACD1D39D2EF00614EFD /* SettingSwitchCell.m in Sources */ = {isa = PBXBuildFile; fileRef = 1F287ACC1D39D2EF00614EFD /* SettingSwitchCell.m */; };
		1F287AD01D39FF1700614EFD /* SettingSliderCell.m in Sources */ = {isa = PBXBuildFile; fileRef = 1F287ACF1D39FF1700614EFD /* SettingSliderCell.m */; };
		1F61572B1D1F80250060C874 /* OnlineCollectionCell.m in Sources */ = {isa = PBXBuildFile; fileRef = 1F61572A1D1F80250060C874 /* OnlineCollectionCell.m */; };
		1F61572E1D1F834C0060C874 /* OnlineModel.m in Sources */ = {isa = PBXBuildFile; fileRef = 1F61572D1D1F834C0060C874 /* OnlineModel.m */; };
		1F9DAE3B1D30A57B0000F424 /* SettingViewController.m in Sources */ = {isa = PBXBuildFile; fileRef = 1F9DAE3A1D30A57B0000F424 /* SettingViewController.m */; };
		1F9DAE411D30A8610000F424 /* SettingSectionView.m in Sources */ = {isa = PBXBuildFile; fileRef = 1F9DAE401D30A8610000F424 /* SettingSectionView.m */; };
		1FA576041D1E2CDB00136838 /* RecommendController.m in Sources */ = {isa = PBXBuildFile; fileRef = 1FA576031D1E2CDB00136838 /* RecommendController.m */; };
		1FA576071D1E2CEC00136838 /* ColumnController.m in Sources */ = {isa = PBXBuildFile; fileRef = 1FA576061D1E2CEC00136838 /* ColumnController.m */; };
		1FA5760A1D1E2CFC00136838 /* OnlineViewController.m in Sources */ = {isa = PBXBuildFile; fileRef = 1FA576091D1E2CFC00136838 /* OnlineViewController.m */; };
		1FA5760D1D1E2D0A00136838 /* MineController.m in Sources */ = {isa = PBXBuildFile; fileRef = 1FA5760C1D1E2D0A00136838 /* MineController.m */; };
		1FA576101D1E2DFE00136838 /* BaseNavigationController.m in Sources */ = {isa = PBXBuildFile; fileRef = 1FA5760F1D1E2DFE00136838 /* BaseNavigationController.m */; };
		1FA576171D1E42F700136838 /* MineFirstCell.m in Sources */ = {isa = PBXBuildFile; fileRef = 1FA576161D1E42F700136838 /* MineFirstCell.m */; };
		1FA5761A1D1E625200136838 /* BaseViewController.m in Sources */ = {isa = PBXBuildFile; fileRef = 1FA576191D1E625100136838 /* BaseViewController.m */; };
		1FB8842E1D740AF600AF4B9F /* RecommendHeadView.m in Sources */ = {isa = PBXBuildFile; fileRef = 1FB8842D1D740AF600AF4B9F /* RecommendHeadView.m */; };
		1FB884331D740F2200AF4B9F /* 01.png in Resources */ = {isa = PBXBuildFile; fileRef = 1FB8842F1D740F2200AF4B9F /* 01.png */; };
		1FB884341D740F2200AF4B9F /* 02.png in Resources */ = {isa = PBXBuildFile; fileRef = 1FB884301D740F2200AF4B9F /* 02.png */; };
		1FB884351D740F2200AF4B9F /* 03.png in Resources */ = {isa = PBXBuildFile; fileRef = 1FB884311D740F2200AF4B9F /* 03.png */; };
		1FB884361D740F2200AF4B9F /* 04.png in Resources */ = {isa = PBXBuildFile; fileRef = 1FB884321D740F2200AF4B9F /* 04.png */; };
		1FF6E3A21D4C8E1100F261ED /* NSData+SDDataCache.m in Sources */ = {isa = PBXBuildFile; fileRef = 1FF6E3921D4C8E1100F261ED /* NSData+SDDataCache.m */; };
		1FF6E3A31D4C8E1100F261ED /* TAAbstractDotView.m in Sources */ = {isa = PBXBuildFile; fileRef = 1FF6E3951D4C8E1100F261ED /* TAAbstractDotView.m */; };
		1FF6E3A41D4C8E1100F261ED /* TAAnimatedDotView.m in Sources */ = {isa = PBXBuildFile; fileRef = 1FF6E3971D4C8E1100F261ED /* TAAnimatedDotView.m */; };
		1FF6E3A51D4C8E1100F261ED /* TADotView.m in Sources */ = {isa = PBXBuildFile; fileRef = 1FF6E3991D4C8E1100F261ED /* TADotView.m */; };
		1FF6E3A61D4C8E1100F261ED /* TAPageControl.m in Sources */ = {isa = PBXBuildFile; fileRef = 1FF6E39B1D4C8E1100F261ED /* TAPageControl.m */; };
		1FF6E3A71D4C8E1100F261ED /* SDCollectionViewCell.m in Sources */ = {isa = PBXBuildFile; fileRef = 1FF6E39D1D4C8E1100F261ED /* SDCollectionViewCell.m */; };
		1FF6E3A81D4C8E1100F261ED /* SDCycleScrollView.m in Sources */ = {isa = PBXBuildFile; fileRef = 1FF6E39F1D4C8E1100F261ED /* SDCycleScrollView.m */; };
		1FF6E3A91D4C8E1100F261ED /* UIView+SDExtension.m in Sources */ = {isa = PBXBuildFile; fileRef = 1FF6E3A11D4C8E1100F261ED /* UIView+SDExtension.m */; };
		1FF6E3AC1D4CAB8000F261ED /* TopAdModel.m in Sources */ = {isa = PBXBuildFile; fileRef = 1FF6E3AB1D4CAB8000F261ED /* TopAdModel.m */; };
		1FF6E3AF1D4CB6A600F261ED /* NewShowModel.m in Sources */ = {isa = PBXBuildFile; fileRef = 1FF6E3AE1D4CB6A600F261ED /* NewShowModel.m */; };
		1FF6E3B21D4CB7DB00F261ED /* NewShowCell.m in Sources */ = {isa = PBXBuildFile; fileRef = 1FF6E3B11D4CB7DB00F261ED /* NewShowCell.m */; };
		A1132B011D803B72002D1B0C /* ChanelData.m in Sources */ = {isa = PBXBuildFile; fileRef = A1132B001D803B72002D1B0C /* ChanelData.m */; };
		B40B5CCFA95811EC6A27F4B2 /* libPods-MyDouYu.a in Frameworks */ = {isa = PBXBuildFile; fileRef = CA42C1F0FE9CC1BF91C156E3 /* libPods-MyDouYu.a */; };
/* End PBXBuildFile section */

/* Begin PBXContainerItemProxy section */
		046418B91D19446D00D338CC /* PBXContainerItemProxy */ = {
			isa = PBXContainerItemProxy;
			containerPortal = 046418971D19446C00D338CC /* Project object */;
			proxyType = 1;
			remoteGlobalIDString = 0464189E1D19446D00D338CC;
			remoteInfo = MyDouYu;
		};
		046418C41D19446D00D338CC /* PBXContainerItemProxy */ = {
			isa = PBXContainerItemProxy;
			containerPortal = 046418971D19446C00D338CC /* Project object */;
			proxyType = 1;
			remoteGlobalIDString = 0464189E1D19446D00D338CC;
			remoteInfo = MyDouYu;
		};
/* End PBXContainerItemProxy section */

/* Begin PBXFileReference section */
		041252DC1D38E89F00C7AC47 /* ColumnCell.h */ = {isa = PBXFileReference; fileEncoding = 4; lastKnownFileType = sourcecode.c.h; path = ColumnCell.h; sourceTree = "<group>"; };
		041252DD1D38E89F00C7AC47 /* ColumnCell.m */ = {isa = PBXFileReference; fileEncoding = 4; lastKnownFileType = sourcecode.c.objc; path = ColumnCell.m; sourceTree = "<group>"; };
		041252DF1D38E91D00C7AC47 /* ColumnModel.h */ = {isa = PBXFileReference; fileEncoding = 4; lastKnownFileType = sourcecode.c.h; path = ColumnModel.h; sourceTree = "<group>"; };
		041252E01D38E91D00C7AC47 /* ColumnModel.m */ = {isa = PBXFileReference; fileEncoding = 4; lastKnownFileType = sourcecode.c.objc; path = ColumnModel.m; sourceTree = "<group>"; };
		0464189F1D19446D00D338CC /* MyDouYu.app */ = {isa = PBXFileReference; explicitFileType = wrapper.application; includeInIndex = 0; path = MyDouYu.app; sourceTree = BUILT_PRODUCTS_DIR; };
		046418A31D19446D00D338CC /* main.m */ = {isa = PBXFileReference; lastKnownFileType = sourcecode.c.objc; path = main.m; sourceTree = "<group>"; };
		046418A51D19446D00D338CC /* AppDelegate.h */ = {isa = PBXFileReference; lastKnownFileType = sourcecode.c.h; path = AppDelegate.h; sourceTree = "<group>"; };
		046418A61D19446D00D338CC /* AppDelegate.m */ = {isa = PBXFileReference; lastKnownFileType = sourcecode.c.objc; path = AppDelegate.m; sourceTree = "<group>"; };
		046418AC1D19446D00D338CC /* Base */ = {isa = PBXFileReference; lastKnownFileType = file.storyboard; name = Base; path = Base.lproj/Main.storyboard; sourceTree = "<group>"; };
		046418AE1D19446D00D338CC /* Assets.xcassets */ = {isa = PBXFileReference; lastKnownFileType = folder.assetcatalog; path = Assets.xcassets; sourceTree = "<group>"; };
		046418B11D19446D00D338CC /* Base */ = {isa = PBXFileReference; lastKnownFileType = file.storyboard; name = Base; path = Base.lproj/LaunchScreen.storyboard; sourceTree = "<group>"; };
		046418B31D19446D00D338CC /* Info.plist */ = {isa = PBXFileReference; lastKnownFileType = text.plist.xml; path = Info.plist; sourceTree = "<group>"; };
		046418B81D19446D00D338CC /* MyDouYuTests.xctest */ = {isa = PBXFileReference; explicitFileType = wrapper.cfbundle; includeInIndex = 0; path = MyDouYuTests.xctest; sourceTree = BUILT_PRODUCTS_DIR; };
		046418BC1D19446D00D338CC /* MyDouYuTests.m */ = {isa = PBXFileReference; lastKnownFileType = sourcecode.c.objc; path = MyDouYuTests.m; sourceTree = "<group>"; };
		046418BE1D19446D00D338CC /* Info.plist */ = {isa = PBXFileReference; lastKnownFileType = text.plist.xml; path = Info.plist; sourceTree = "<group>"; };
		046418C31D19446D00D338CC /* MyDouYuUITests.xctest */ = {isa = PBXFileReference; explicitFileType = wrapper.cfbundle; includeInIndex = 0; path = MyDouYuUITests.xctest; sourceTree = BUILT_PRODUCTS_DIR; };
		046418C71D19446D00D338CC /* MyDouYuUITests.m */ = {isa = PBXFileReference; lastKnownFileType = sourcecode.c.objc; path = MyDouYuUITests.m; sourceTree = "<group>"; };
		046418C91D19446D00D338CC /* Info.plist */ = {isa = PBXFileReference; lastKnownFileType = text.plist.xml; path = Info.plist; sourceTree = "<group>"; };
		046418D51D19460A00D338CC /* MyDouYu_PrefixHeader.pch */ = {isa = PBXFileReference; fileEncoding = 4; lastKnownFileType = sourcecode.c.h; path = MyDouYu_PrefixHeader.pch; sourceTree = "<group>"; };
		046418D61D1947F200D338CC /* BaseTabBarController.h */ = {isa = PBXFileReference; fileEncoding = 4; lastKnownFileType = sourcecode.c.h; path = BaseTabBarController.h; sourceTree = "<group>"; };
		046418D71D1947F200D338CC /* BaseTabBarController.m */ = {isa = PBXFileReference; fileEncoding = 4; lastKnownFileType = sourcecode.c.objc; path = BaseTabBarController.m; sourceTree = "<group>"; };
		1F168B0D1D7BEFEF00D99D98 /* IMG_1342.PNG */ = {isa = PBXFileReference; lastKnownFileType = image.png; path = IMG_1342.PNG; sourceTree = "<group>"; };
		1F168B0E1D7BEFEF00D99D98 /* IMG_1477.PNG */ = {isa = PBXFileReference; lastKnownFileType = image.png; path = IMG_1477.PNG; sourceTree = "<group>"; };
		1F168B0F1D7BEFEF00D99D98 /* IMG_1478.PNG */ = {isa = PBXFileReference; lastKnownFileType = image.png; path = IMG_1478.PNG; sourceTree = "<group>"; };
		1F287ACB1D39D2EF00614EFD /* SettingSwitchCell.h */ = {isa = PBXFileReference; fileEncoding = 4; lastKnownFileType = sourcecode.c.h; path = SettingSwitchCell.h; sourceTree = "<group>"; };
		1F287ACC1D39D2EF00614EFD /* SettingSwitchCell.m */ = {isa = PBXFileReference; fileEncoding = 4; lastKnownFileType = sourcecode.c.objc; path = SettingSwitchCell.m; sourceTree = "<group>"; };
		1F287ACE1D39FF1700614EFD /* SettingSliderCell.h */ = {isa = PBXFileReference; fileEncoding = 4; lastKnownFileType = sourcecode.c.h; path = SettingSliderCell.h; sourceTree = "<group>"; };
		1F287ACF1D39FF1700614EFD /* SettingSliderCell.m */ = {isa = PBXFileReference; fileEncoding = 4; lastKnownFileType = sourcecode.c.objc; path = SettingSliderCell.m; sourceTree = "<group>"; };
		1F6157291D1F80250060C874 /* OnlineCollectionCell.h */ = {isa = PBXFileReference; fileEncoding = 4; lastKnownFileType = sourcecode.c.h; path = OnlineCollectionCell.h; sourceTree = "<group>"; };
		1F61572A1D1F80250060C874 /* OnlineCollectionCell.m */ = {isa = PBXFileReference; fileEncoding = 4; lastKnownFileType = sourcecode.c.objc; path = OnlineCollectionCell.m; sourceTree = "<group>"; };
		1F61572C1D1F834C0060C874 /* OnlineModel.h */ = {isa = PBXFileReference; fileEncoding = 4; lastKnownFileType = sourcecode.c.h; path = OnlineModel.h; sourceTree = "<group>"; };
		1F61572D1D1F834C0060C874 /* OnlineModel.m */ = {isa = PBXFileReference; fileEncoding = 4; lastKnownFileType = sourcecode.c.objc; path = OnlineModel.m; sourceTree = "<group>"; };
		1F9DAE391D30A57B0000F424 /* SettingViewController.h */ = {isa = PBXFileReference; fileEncoding = 4; lastKnownFileType = sourcecode.c.h; path = SettingViewController.h; sourceTree = "<group>"; };
		1F9DAE3A1D30A57B0000F424 /* SettingViewController.m */ = {isa = PBXFileReference; fileEncoding = 4; lastKnownFileType = sourcecode.c.objc; path = SettingViewController.m; sourceTree = "<group>"; };
		1F9DAE3F1D30A8610000F424 /* SettingSectionView.h */ = {isa = PBXFileReference; fileEncoding = 4; lastKnownFileType = sourcecode.c.h; path = SettingSectionView.h; sourceTree = "<group>"; };
		1F9DAE401D30A8610000F424 /* SettingSectionView.m */ = {isa = PBXFileReference; fileEncoding = 4; lastKnownFileType = sourcecode.c.objc; path = SettingSectionView.m; sourceTree = "<group>"; };
		1FA576021D1E2CDB00136838 /* RecommendController.h */ = {isa = PBXFileReference; fileEncoding = 4; lastKnownFileType = sourcecode.c.h; path = RecommendController.h; sourceTree = "<group>"; };
		1FA576031D1E2CDB00136838 /* RecommendController.m */ = {isa = PBXFileReference; fileEncoding = 4; lastKnownFileType = sourcecode.c.objc; path = RecommendController.m; sourceTree = "<group>"; };
		1FA576051D1E2CEC00136838 /* ColumnController.h */ = {isa = PBXFileReference; fileEncoding = 4; lastKnownFileType = sourcecode.c.h; path = ColumnController.h; sourceTree = "<group>"; };
		1FA576061D1E2CEC00136838 /* ColumnController.m */ = {isa = PBXFileReference; fileEncoding = 4; lastKnownFileType = sourcecode.c.objc; path = ColumnController.m; sourceTree = "<group>"; };
		1FA576081D1E2CFC00136838 /* OnlineViewController.h */ = {isa = PBXFileReference; fileEncoding = 4; lastKnownFileType = sourcecode.c.h; path = OnlineViewController.h; sourceTree = "<group>"; };
		1FA576091D1E2CFC00136838 /* OnlineViewController.m */ = {isa = PBXFileReference; fileEncoding = 4; lastKnownFileType = sourcecode.c.objc; path = OnlineViewController.m; sourceTree = "<group>"; };
		1FA5760B1D1E2D0A00136838 /* MineController.h */ = {isa = PBXFileReference; fileEncoding = 4; lastKnownFileType = sourcecode.c.h; path = MineController.h; sourceTree = "<group>"; };
		1FA5760C1D1E2D0A00136838 /* MineController.m */ = {isa = PBXFileReference; fileEncoding = 4; lastKnownFileType = sourcecode.c.objc; path = MineController.m; sourceTree = "<group>"; };
		1FA5760E1D1E2DFE00136838 /* BaseNavigationController.h */ = {isa = PBXFileReference; fileEncoding = 4; lastKnownFileType = sourcecode.c.h; path = BaseNavigationController.h; sourceTree = "<group>"; };
		1FA5760F1D1E2DFE00136838 /* BaseNavigationController.m */ = {isa = PBXFileReference; fileEncoding = 4; lastKnownFileType = sourcecode.c.objc; path = BaseNavigationController.m; sourceTree = "<group>"; };
		1FA576151D1E42F700136838 /* MineFirstCell.h */ = {isa = PBXFileReference; fileEncoding = 4; lastKnownFileType = sourcecode.c.h; path = MineFirstCell.h; sourceTree = "<group>"; };
		1FA576161D1E42F700136838 /* MineFirstCell.m */ = {isa = PBXFileReference; fileEncoding = 4; lastKnownFileType = sourcecode.c.objc; path = MineFirstCell.m; sourceTree = "<group>"; };
		1FA576181D1E625100136838 /* BaseViewController.h */ = {isa = PBXFileReference; fileEncoding = 4; lastKnownFileType = sourcecode.c.h; path = BaseViewController.h; sourceTree = "<group>"; };
		1FA576191D1E625100136838 /* BaseViewController.m */ = {isa = PBXFileReference; fileEncoding = 4; lastKnownFileType = sourcecode.c.objc; path = BaseViewController.m; sourceTree = "<group>"; };
		1FB8842C1D740AF600AF4B9F /* RecommendHeadView.h */ = {isa = PBXFileReference; fileEncoding = 4; lastKnownFileType = sourcecode.c.h; path = RecommendHeadView.h; sourceTree = "<group>"; };
		1FB8842D1D740AF600AF4B9F /* RecommendHeadView.m */ = {isa = PBXFileReference; fileEncoding = 4; lastKnownFileType = sourcecode.c.objc; path = RecommendHeadView.m; sourceTree = "<group>"; };
		1FB8842F1D740F2200AF4B9F /* 01.png */ = {isa = PBXFileReference; lastKnownFileType = image.png; path = 01.png; sourceTree = "<group>"; };
		1FB884301D740F2200AF4B9F /* 02.png */ = {isa = PBXFileReference; lastKnownFileType = image.png; path = 02.png; sourceTree = "<group>"; };
		1FB884311D740F2200AF4B9F /* 03.png */ = {isa = PBXFileReference; lastKnownFileType = image.png; path = 03.png; sourceTree = "<group>"; };
		1FB884321D740F2200AF4B9F /* 04.png */ = {isa = PBXFileReference; lastKnownFileType = image.png; path = 04.png; sourceTree = "<group>"; };
		1FF6E3911D4C8E1100F261ED /* NSData+SDDataCache.h */ = {isa = PBXFileReference; fileEncoding = 4; lastKnownFileType = sourcecode.c.h; path = "NSData+SDDataCache.h"; sourceTree = "<group>"; };
		1FF6E3921D4C8E1100F261ED /* NSData+SDDataCache.m */ = {isa = PBXFileReference; fileEncoding = 4; lastKnownFileType = sourcecode.c.objc; path = "NSData+SDDataCache.m"; sourceTree = "<group>"; };
		1FF6E3941D4C8E1100F261ED /* TAAbstractDotView.h */ = {isa = PBXFileReference; fileEncoding = 4; lastKnownFileType = sourcecode.c.h; path = TAAbstractDotView.h; sourceTree = "<group>"; };
		1FF6E3951D4C8E1100F261ED /* TAAbstractDotView.m */ = {isa = PBXFileReference; fileEncoding = 4; lastKnownFileType = sourcecode.c.objc; path = TAAbstractDotView.m; sourceTree = "<group>"; };
		1FF6E3961D4C8E1100F261ED /* TAAnimatedDotView.h */ = {isa = PBXFileReference; fileEncoding = 4; lastKnownFileType = sourcecode.c.h; path = TAAnimatedDotView.h; sourceTree = "<group>"; };
		1FF6E3971D4C8E1100F261ED /* TAAnimatedDotView.m */ = {isa = PBXFileReference; fileEncoding = 4; lastKnownFileType = sourcecode.c.objc; path = TAAnimatedDotView.m; sourceTree = "<group>"; };
		1FF6E3981D4C8E1100F261ED /* TADotView.h */ = {isa = PBXFileReference; fileEncoding = 4; lastKnownFileType = sourcecode.c.h; path = TADotView.h; sourceTree = "<group>"; };
		1FF6E3991D4C8E1100F261ED /* TADotView.m */ = {isa = PBXFileReference; fileEncoding = 4; lastKnownFileType = sourcecode.c.objc; path = TADotView.m; sourceTree = "<group>"; };
		1FF6E39A1D4C8E1100F261ED /* TAPageControl.h */ = {isa = PBXFileReference; fileEncoding = 4; lastKnownFileType = sourcecode.c.h; path = TAPageControl.h; sourceTree = "<group>"; };
		1FF6E39B1D4C8E1100F261ED /* TAPageControl.m */ = {isa = PBXFileReference; fileEncoding = 4; lastKnownFileType = sourcecode.c.objc; path = TAPageControl.m; sourceTree = "<group>"; };
		1FF6E39C1D4C8E1100F261ED /* SDCollectionViewCell.h */ = {isa = PBXFileReference; fileEncoding = 4; lastKnownFileType = sourcecode.c.h; path = SDCollectionViewCell.h; sourceTree = "<group>"; };
		1FF6E39D1D4C8E1100F261ED /* SDCollectionViewCell.m */ = {isa = PBXFileReference; fileEncoding = 4; lastKnownFileType = sourcecode.c.objc; path = SDCollectionViewCell.m; sourceTree = "<group>"; };
		1FF6E39E1D4C8E1100F261ED /* SDCycleScrollView.h */ = {isa = PBXFileReference; fileEncoding = 4; lastKnownFileType = sourcecode.c.h; path = SDCycleScrollView.h; sourceTree = "<group>"; };
		1FF6E39F1D4C8E1100F261ED /* SDCycleScrollView.m */ = {isa = PBXFileReference; fileEncoding = 4; lastKnownFileType = sourcecode.c.objc; path = SDCycleScrollView.m; sourceTree = "<group>"; };
		1FF6E3A01D4C8E1100F261ED /* UIView+SDExtension.h */ = {isa = PBXFileReference; fileEncoding = 4; lastKnownFileType = sourcecode.c.h; path = "UIView+SDExtension.h"; sourceTree = "<group>"; };
		1FF6E3A11D4C8E1100F261ED /* UIView+SDExtension.m */ = {isa = PBXFileReference; fileEncoding = 4; lastKnownFileType = sourcecode.c.objc; path = "UIView+SDExtension.m"; sourceTree = "<group>"; };
		1FF6E3AA1D4CAB8000F261ED /* TopAdModel.h */ = {isa = PBXFileReference; fileEncoding = 4; lastKnownFileType = sourcecode.c.h; path = TopAdModel.h; sourceTree = "<group>"; };
		1FF6E3AB1D4CAB8000F261ED /* TopAdModel.m */ = {isa = PBXFileReference; fileEncoding = 4; lastKnownFileType = sourcecode.c.objc; path = TopAdModel.m; sourceTree = "<group>"; };
		1FF6E3AD1D4CB6A600F261ED /* NewShowModel.h */ = {isa = PBXFileReference; fileEncoding = 4; lastKnownFileType = sourcecode.c.h; path = NewShowModel.h; sourceTree = "<group>"; };
		1FF6E3AE1D4CB6A600F261ED /* NewShowModel.m */ = {isa = PBXFileReference; fileEncoding = 4; lastKnownFileType = sourcecode.c.objc; path = NewShowModel.m; sourceTree = "<group>"; };
		1FF6E3B01D4CB7DB00F261ED /* NewShowCell.h */ = {isa = PBXFileReference; fileEncoding = 4; lastKnownFileType = sourcecode.c.h; path = NewShowCell.h; sourceTree = "<group>"; };
		1FF6E3B11D4CB7DB00F261ED /* NewShowCell.m */ = {isa = PBXFileReference; fileEncoding = 4; lastKnownFileType = sourcecode.c.objc; path = NewShowCell.m; sourceTree = "<group>"; };
		256BC3C7559698A72174B308 /* Pods-MyDouYu.release.xcconfig */ = {isa = PBXFileReference; includeInIndex = 1; lastKnownFileType = text.xcconfig; name = "Pods-MyDouYu.release.xcconfig"; path = "Pods/Target Support Files/Pods-MyDouYu/Pods-MyDouYu.release.xcconfig"; sourceTree = "<group>"; };
		71BA5C1CB50BFAC1A44FC666 /* Pods-MyDouYu.debug.xcconfig */ = {isa = PBXFileReference; includeInIndex = 1; lastKnownFileType = text.xcconfig; name = "Pods-MyDouYu.debug.xcconfig"; path = "Pods/Target Support Files/Pods-MyDouYu/Pods-MyDouYu.debug.xcconfig"; sourceTree = "<group>"; };
		A1132AFF1D803B72002D1B0C /* ChanelData.h */ = {isa = PBXFileReference; fileEncoding = 4; lastKnownFileType = sourcecode.c.h; path = ChanelData.h; sourceTree = "<group>"; };
		A1132B001D803B72002D1B0C /* ChanelData.m */ = {isa = PBXFileReference; fileEncoding = 4; lastKnownFileType = sourcecode.c.objc; path = ChanelData.m; sourceTree = "<group>"; };
		CA42C1F0FE9CC1BF91C156E3 /* libPods-MyDouYu.a */ = {isa = PBXFileReference; explicitFileType = archive.ar; includeInIndex = 0; path = "libPods-MyDouYu.a"; sourceTree = BUILT_PRODUCTS_DIR; };
/* End PBXFileReference section */

/* Begin PBXFrameworksBuildPhase section */
		0464189C1D19446D00D338CC /* Frameworks */ = {
			isa = PBXFrameworksBuildPhase;
			buildActionMask = 2147483647;
			files = (
				B40B5CCFA95811EC6A27F4B2 /* libPods-MyDouYu.a in Frameworks */,
			);
			runOnlyForDeploymentPostprocessing = 0;
		};
		046418B51D19446D00D338CC /* Frameworks */ = {
			isa = PBXFrameworksBuildPhase;
			buildActionMask = 2147483647;
			files = (
			);
			runOnlyForDeploymentPostprocessing = 0;
		};
		046418C01D19446D00D338CC /* Frameworks */ = {
			isa = PBXFrameworksBuildPhase;
			buildActionMask = 2147483647;
			files = (
			);
			runOnlyForDeploymentPostprocessing = 0;
		};
/* End PBXFrameworksBuildPhase section */

/* Begin PBXGroup section */
		046418961D19446C00D338CC = {
			isa = PBXGroup;
			children = (
				046418A11D19446D00D338CC /* MyDouYu */,
				046418BB1D19446D00D338CC /* MyDouYuTests */,
				046418C61D19446D00D338CC /* MyDouYuUITests */,
				046418A01D19446D00D338CC /* Products */,
				A4159115C76B2520E7B30533 /* Pods */,
				951DFD20782B0CD7D788FF97 /* Frameworks */,
			);
			sourceTree = "<group>";
		};
		046418A01D19446D00D338CC /* Products */ = {
			isa = PBXGroup;
			children = (
				0464189F1D19446D00D338CC /* MyDouYu.app */,
				046418B81D19446D00D338CC /* MyDouYuTests.xctest */,
				046418C31D19446D00D338CC /* MyDouYuUITests.xctest */,
			);
			name = Products;
			sourceTree = "<group>";
		};
		046418A11D19446D00D338CC /* MyDouYu */ = {
			isa = PBXGroup;
			children = (
				1FF6E38F1D4C8DE000F261ED /* 3th */,
				1FF6E38E1D4C8DB000F261ED /* Global */,
				1FA576121D1E3A7F00136838 /* 推荐 */,
				1FA576111D1E3A7000136838 /* 栏目 */,
				1FA576131D1E3A9600136838 /* 直播 */,
				1FA576141D1E3A9C00136838 /* 我的 */,
				046418AB1D19446D00D338CC /* Main.storyboard */,
				046418AE1D19446D00D338CC /* Assets.xcassets */,
				046418D51D19460A00D338CC /* MyDouYu_PrefixHeader.pch */,
				046418A51D19446D00D338CC /* AppDelegate.h */,
				046418A61D19446D00D338CC /* AppDelegate.m */,
				046418B01D19446D00D338CC /* LaunchScreen.storyboard */,
				046418B31D19446D00D338CC /* Info.plist */,
				1FB8842F1D740F2200AF4B9F /* 01.png */,
				1FB884301D740F2200AF4B9F /* 02.png */,
				1FB884311D740F2200AF4B9F /* 03.png */,
				1FB884321D740F2200AF4B9F /* 04.png */,
				1F168B0D1D7BEFEF00D99D98 /* IMG_1342.PNG */,
				1F168B0E1D7BEFEF00D99D98 /* IMG_1477.PNG */,
				1F168B0F1D7BEFEF00D99D98 /* IMG_1478.PNG */,
				046418A21D19446D00D338CC /* Supporting Files */,
			);
			path = MyDouYu;
			sourceTree = "<group>";
		};
		046418A21D19446D00D338CC /* Supporting Files */ = {
			isa = PBXGroup;
			children = (
				046418A31D19446D00D338CC /* main.m */,
			);
			name = "Supporting Files";
			sourceTree = "<group>";
		};
		046418BB1D19446D00D338CC /* MyDouYuTests */ = {
			isa = PBXGroup;
			children = (
				046418BC1D19446D00D338CC /* MyDouYuTests.m */,
				046418BE1D19446D00D338CC /* Info.plist */,
			);
			path = MyDouYuTests;
			sourceTree = "<group>";
		};
		046418C61D19446D00D338CC /* MyDouYuUITests */ = {
			isa = PBXGroup;
			children = (
				046418C71D19446D00D338CC /* MyDouYuUITests.m */,
				046418C91D19446D00D338CC /* Info.plist */,
			);
			path = MyDouYuUITests;
			sourceTree = "<group>";
		};
		1F3C50031D28AE4000A60F14 /* Model */ = {
			isa = PBXGroup;
			children = (
				1F61572C1D1F834C0060C874 /* OnlineModel.h */,
				1F61572D1D1F834C0060C874 /* OnlineModel.m */,
			);
			name = Model;
			sourceTree = "<group>";
		};
		1F3C50041D28AE4C00A60F14 /* View */ = {
			isa = PBXGroup;
			children = (
				1F6157291D1F80250060C874 /* OnlineCollectionCell.h */,
				1F61572A1D1F80250060C874 /* OnlineCollectionCell.m */,
			);
			name = View;
			sourceTree = "<group>";
		};
		1F3C50051D28AE5900A60F14 /* Controller */ = {
			isa = PBXGroup;
			children = (
				1FA576081D1E2CFC00136838 /* OnlineViewController.h */,
				1FA576091D1E2CFC00136838 /* OnlineViewController.m */,
			);
			name = Controller;
			sourceTree = "<group>";
		};
		1F9DAE3C1D30A5820000F424 /* Model */ = {
			isa = PBXGroup;
			children = (
			);
			name = Model;
			sourceTree = "<group>";
		};
		1F9DAE3D1D30A5890000F424 /* View */ = {
			isa = PBXGroup;
			children = (
				1FA576151D1E42F700136838 /* MineFirstCell.h */,
				1FA576161D1E42F700136838 /* MineFirstCell.m */,
				1F9DAE3F1D30A8610000F424 /* SettingSectionView.h */,
				1F9DAE401D30A8610000F424 /* SettingSectionView.m */,
				1F287ACB1D39D2EF00614EFD /* SettingSwitchCell.h */,
				1F287ACC1D39D2EF00614EFD /* SettingSwitchCell.m */,
				1F287ACE1D39FF1700614EFD /* SettingSliderCell.h */,
				1F287ACF1D39FF1700614EFD /* SettingSliderCell.m */,
			);
			name = View;
			sourceTree = "<group>";
		};
		1F9DAE3E1D30A5900000F424 /* Controller */ = {
			isa = PBXGroup;
			children = (
				1FA5760B1D1E2D0A00136838 /* MineController.h */,
				1FA5760C1D1E2D0A00136838 /* MineController.m */,
				1F9DAE391D30A57B0000F424 /* SettingViewController.h */,
				1F9DAE3A1D30A57B0000F424 /* SettingViewController.m */,
			);
			name = Controller;
			sourceTree = "<group>";
		};
		1FA576111D1E3A7000136838 /* 栏目 */ = {
			isa = PBXGroup;
			children = (
				1FB8CCF21D4332C300C7567B /* View */,
				1FB8CCF41D4332D100C7567B /* Controller */,
				1FB8CCF31D4332CB00C7567B /* Model */,
			);
			name = "栏目";
			sourceTree = "<group>";
		};
		1FA576121D1E3A7F00136838 /* 推荐 */ = {
			isa = PBXGroup;
			children = (
				1FB8842A1D740A0C00AF4B9F /* Model */,
				1FB884291D740A0000AF4B9F /* View */,
				1FB8842B1D740A1800AF4B9F /* Controller */,
			);
			name = "推荐";
			sourceTree = "<group>";
		};
		1FA576131D1E3A9600136838 /* 直播 */ = {
			isa = PBXGroup;
			children = (
				1F3C50031D28AE4000A60F14 /* Model */,
				1F3C50041D28AE4C00A60F14 /* View */,
				1F3C50051D28AE5900A60F14 /* Controller */,
			);
			name = "直播";
			sourceTree = "<group>";
		};
		1FA576141D1E3A9C00136838 /* 我的 */ = {
			isa = PBXGroup;
			children = (
				1F9DAE3C1D30A5820000F424 /* Model */,
				1F9DAE3D1D30A5890000F424 /* View */,
				1F9DAE3E1D30A5900000F424 /* Controller */,
			);
			name = "我的";
			sourceTree = "<group>";
		};
		1FB884291D740A0000AF4B9F /* View */ = {
			isa = PBXGroup;
			children = (
				1FF6E3B01D4CB7DB00F261ED /* NewShowCell.h */,
				1FF6E3B11D4CB7DB00F261ED /* NewShowCell.m */,
				1FB8842C1D740AF600AF4B9F /* RecommendHeadView.h */,
				1FB8842D1D740AF600AF4B9F /* RecommendHeadView.m */,
			);
			name = View;
			sourceTree = "<group>";
		};
		1FB8842A1D740A0C00AF4B9F /* Model */ = {
			isa = PBXGroup;
			children = (
				A1132AFF1D803B72002D1B0C /* ChanelData.h */,
				A1132B001D803B72002D1B0C /* ChanelData.m */,
				1FF6E3AD1D4CB6A600F261ED /* NewShowModel.h */,
				1FF6E3AE1D4CB6A600F261ED /* NewShowModel.m */,
				1FF6E3AA1D4CAB8000F261ED /* TopAdModel.h */,
				1FF6E3AB1D4CAB8000F261ED /* TopAdModel.m */,
			);
			name = Model;
			sourceTree = "<group>";
		};
		1FB8842B1D740A1800AF4B9F /* Controller */ = {
			isa = PBXGroup;
			children = (
				1FA576021D1E2CDB00136838 /* RecommendController.h */,
				1FA576031D1E2CDB00136838 /* RecommendController.m */,
			);
			name = Controller;
			sourceTree = "<group>";
		};
		1FB8CCF21D4332C300C7567B /* View */ = {
			isa = PBXGroup;
			children = (
				041252DC1D38E89F00C7AC47 /* ColumnCell.h */,
				041252DD1D38E89F00C7AC47 /* ColumnCell.m */,
			);
			name = View;
			sourceTree = "<group>";
		};
		1FB8CCF31D4332CB00C7567B /* Model */ = {
			isa = PBXGroup;
			children = (
				041252DF1D38E91D00C7AC47 /* ColumnModel.h */,
				041252E01D38E91D00C7AC47 /* ColumnModel.m */,
			);
			name = Model;
			sourceTree = "<group>";
		};
		1FB8CCF41D4332D100C7567B /* Controller */ = {
			isa = PBXGroup;
			children = (
				1FA576051D1E2CEC00136838 /* ColumnController.h */,
				1FA576061D1E2CEC00136838 /* ColumnController.m */,
			);
			name = Controller;
			sourceTree = "<group>";
		};
		1FF6E38E1D4C8DB000F261ED /* Global */ = {
			isa = PBXGroup;
			children = (
				1FA5760E1D1E2DFE00136838 /* BaseNavigationController.h */,
				1FA5760F1D1E2DFE00136838 /* BaseNavigationController.m */,
				1FA576181D1E625100136838 /* BaseViewController.h */,
				1FA576191D1E625100136838 /* BaseViewController.m */,
				046418D61D1947F200D338CC /* BaseTabBarController.h */,
				046418D71D1947F200D338CC /* BaseTabBarController.m */,
			);
			name = Global;
			sourceTree = "<group>";
		};
		1FF6E38F1D4C8DE000F261ED /* 3th */ = {
			isa = PBXGroup;
			children = (
				1FF6E3901D4C8E1100F261ED /* SDCycleScrollView */,
			);
			name = 3th;
			sourceTree = "<group>";
		};
		1FF6E3901D4C8E1100F261ED /* SDCycleScrollView */ = {
			isa = PBXGroup;
			children = (
				1FF6E3911D4C8E1100F261ED /* NSData+SDDataCache.h */,
				1FF6E3921D4C8E1100F261ED /* NSData+SDDataCache.m */,
				1FF6E3931D4C8E1100F261ED /* PageControl */,
				1FF6E39C1D4C8E1100F261ED /* SDCollectionViewCell.h */,
				1FF6E39D1D4C8E1100F261ED /* SDCollectionViewCell.m */,
				1FF6E39E1D4C8E1100F261ED /* SDCycleScrollView.h */,
				1FF6E39F1D4C8E1100F261ED /* SDCycleScrollView.m */,
				1FF6E3A01D4C8E1100F261ED /* UIView+SDExtension.h */,
				1FF6E3A11D4C8E1100F261ED /* UIView+SDExtension.m */,
			);
			name = SDCycleScrollView;
			path = 3th/SDCycleScrollView;
			sourceTree = "<group>";
		};
		1FF6E3931D4C8E1100F261ED /* PageControl */ = {
			isa = PBXGroup;
			children = (
				1FF6E3941D4C8E1100F261ED /* TAAbstractDotView.h */,
				1FF6E3951D4C8E1100F261ED /* TAAbstractDotView.m */,
				1FF6E3961D4C8E1100F261ED /* TAAnimatedDotView.h */,
				1FF6E3971D4C8E1100F261ED /* TAAnimatedDotView.m */,
				1FF6E3981D4C8E1100F261ED /* TADotView.h */,
				1FF6E3991D4C8E1100F261ED /* TADotView.m */,
				1FF6E39A1D4C8E1100F261ED /* TAPageControl.h */,
				1FF6E39B1D4C8E1100F261ED /* TAPageControl.m */,
			);
			path = PageControl;
			sourceTree = "<group>";
		};
		951DFD20782B0CD7D788FF97 /* Frameworks */ = {
			isa = PBXGroup;
			children = (
				CA42C1F0FE9CC1BF91C156E3 /* libPods-MyDouYu.a */,
			);
			name = Frameworks;
			sourceTree = "<group>";
		};
		A4159115C76B2520E7B30533 /* Pods */ = {
			isa = PBXGroup;
			children = (
				71BA5C1CB50BFAC1A44FC666 /* Pods-MyDouYu.debug.xcconfig */,
				256BC3C7559698A72174B308 /* Pods-MyDouYu.release.xcconfig */,
			);
			name = Pods;
			sourceTree = "<group>";
		};
/* End PBXGroup section */

/* Begin PBXNativeTarget section */
		0464189E1D19446D00D338CC /* MyDouYu */ = {
			isa = PBXNativeTarget;
			buildConfigurationList = 046418CC1D19446D00D338CC /* Build configuration list for PBXNativeTarget "MyDouYu" */;
			buildPhases = (
				D0165090C4C698C9E6D8F1DE /* 📦 Check Pods Manifest.lock */,
				0464189B1D19446D00D338CC /* Sources */,
				0464189C1D19446D00D338CC /* Frameworks */,
				0464189D1D19446D00D338CC /* Resources */,
				55174805EF10661447B80A5C /* 📦 Embed Pods Frameworks */,
				8E410BD27BB273EDCC1FD6FE /* 📦 Copy Pods Resources */,
			);
			buildRules = (
			);
			dependencies = (
			);
			name = MyDouYu;
			productName = MyDouYu;
			productReference = 0464189F1D19446D00D338CC /* MyDouYu.app */;
			productType = "com.apple.product-type.application";
		};
		046418B71D19446D00D338CC /* MyDouYuTests */ = {
			isa = PBXNativeTarget;
			buildConfigurationList = 046418CF1D19446D00D338CC /* Build configuration list for PBXNativeTarget "MyDouYuTests" */;
			buildPhases = (
				046418B41D19446D00D338CC /* Sources */,
				046418B51D19446D00D338CC /* Frameworks */,
				046418B61D19446D00D338CC /* Resources */,
			);
			buildRules = (
			);
			dependencies = (
				046418BA1D19446D00D338CC /* PBXTargetDependency */,
			);
			name = MyDouYuTests;
			productName = MyDouYuTests;
			productReference = 046418B81D19446D00D338CC /* MyDouYuTests.xctest */;
			productType = "com.apple.product-type.bundle.unit-test";
		};
		046418C21D19446D00D338CC /* MyDouYuUITests */ = {
			isa = PBXNativeTarget;
			buildConfigurationList = 046418D21D19446D00D338CC /* Build configuration list for PBXNativeTarget "MyDouYuUITests" */;
			buildPhases = (
				046418BF1D19446D00D338CC /* Sources */,
				046418C01D19446D00D338CC /* Frameworks */,
				046418C11D19446D00D338CC /* Resources */,
			);
			buildRules = (
			);
			dependencies = (
				046418C51D19446D00D338CC /* PBXTargetDependency */,
			);
			name = MyDouYuUITests;
			productName = MyDouYuUITests;
			productReference = 046418C31D19446D00D338CC /* MyDouYuUITests.xctest */;
			productType = "com.apple.product-type.bundle.ui-testing";
		};
/* End PBXNativeTarget section */

/* Begin PBXProject section */
		046418971D19446C00D338CC /* Project object */ = {
			isa = PBXProject;
			attributes = {
				LastUpgradeCheck = 0730;
				ORGANIZATIONNAME = TUTK;
				TargetAttributes = {
					0464189E1D19446D00D338CC = {
						CreatedOnToolsVersion = 7.3;
					};
					046418B71D19446D00D338CC = {
						CreatedOnToolsVersion = 7.3;
						TestTargetID = 0464189E1D19446D00D338CC;
					};
					046418C21D19446D00D338CC = {
						CreatedOnToolsVersion = 7.3;
						TestTargetID = 0464189E1D19446D00D338CC;
					};
				};
			};
			buildConfigurationList = 0464189A1D19446C00D338CC /* Build configuration list for PBXProject "MyDouYu" */;
			compatibilityVersion = "Xcode 3.2";
			developmentRegion = English;
			hasScannedForEncodings = 0;
			knownRegions = (
				en,
				Base,
			);
			mainGroup = 046418961D19446C00D338CC;
			productRefGroup = 046418A01D19446D00D338CC /* Products */;
			projectDirPath = "";
			projectRoot = "";
			targets = (
				0464189E1D19446D00D338CC /* MyDouYu */,
				046418B71D19446D00D338CC /* MyDouYuTests */,
				046418C21D19446D00D338CC /* MyDouYuUITests */,
			);
		};
/* End PBXProject section */

/* Begin PBXResourcesBuildPhase section */
		0464189D1D19446D00D338CC /* Resources */ = {
			isa = PBXResourcesBuildPhase;
			buildActionMask = 2147483647;
			files = (
				1FB884341D740F2200AF4B9F /* 02.png in Resources */,
				1F168B111D7BEFEF00D99D98 /* IMG_1477.PNG in Resources */,
				046418B21D19446D00D338CC /* LaunchScreen.storyboard in Resources */,
				1F168B121D7BEFEF00D99D98 /* IMG_1478.PNG in Resources */,
				046418AF1D19446D00D338CC /* Assets.xcassets in Resources */,
				1FB884331D740F2200AF4B9F /* 01.png in Resources */,
				1FB884361D740F2200AF4B9F /* 04.png in Resources */,
				1F168B101D7BEFEF00D99D98 /* IMG_1342.PNG in Resources */,
				1FB884351D740F2200AF4B9F /* 03.png in Resources */,
				046418AD1D19446D00D338CC /* Main.storyboard in Resources */,
			);
			runOnlyForDeploymentPostprocessing = 0;
		};
		046418B61D19446D00D338CC /* Resources */ = {
			isa = PBXResourcesBuildPhase;
			buildActionMask = 2147483647;
			files = (
			);
			runOnlyForDeploymentPostprocessing = 0;
		};
		046418C11D19446D00D338CC /* Resources */ = {
			isa = PBXResourcesBuildPhase;
			buildActionMask = 2147483647;
			files = (
			);
			runOnlyForDeploymentPostprocessing = 0;
		};
/* End PBXResourcesBuildPhase section */

/* Begin PBXShellScriptBuildPhase section */
		55174805EF10661447B80A5C /* 📦 Embed Pods Frameworks */ = {
			isa = PBXShellScriptBuildPhase;
			buildActionMask = 2147483647;
			files = (
			);
			inputPaths = (
			);
			name = "📦 Embed Pods Frameworks";
			outputPaths = (
			);
			runOnlyForDeploymentPostprocessing = 0;
			shellPath = /bin/sh;
			shellScript = "\"${SRCROOT}/Pods/Target Support Files/Pods-MyDouYu/Pods-MyDouYu-frameworks.sh\"\n";
			showEnvVarsInLog = 0;
		};
		8E410BD27BB273EDCC1FD6FE /* 📦 Copy Pods Resources */ = {
			isa = PBXShellScriptBuildPhase;
			buildActionMask = 2147483647;
			files = (
			);
			inputPaths = (
			);
			name = "📦 Copy Pods Resources";
			outputPaths = (
			);
			runOnlyForDeploymentPostprocessing = 0;
			shellPath = /bin/sh;
			shellScript = "\"${SRCROOT}/Pods/Target Support Files/Pods-MyDouYu/Pods-MyDouYu-resources.sh\"\n";
			showEnvVarsInLog = 0;
		};
		D0165090C4C698C9E6D8F1DE /* 📦 Check Pods Manifest.lock */ = {
			isa = PBXShellScriptBuildPhase;
			buildActionMask = 2147483647;
			files = (
			);
			inputPaths = (
			);
			name = "📦 Check Pods Manifest.lock";
			outputPaths = (
			);
			runOnlyForDeploymentPostprocessing = 0;
			shellPath = /bin/sh;
			shellScript = "diff \"${PODS_ROOT}/../Podfile.lock\" \"${PODS_ROOT}/Manifest.lock\" > /dev/null\nif [[ $? != 0 ]] ; then\n    cat << EOM\nerror: The sandbox is not in sync with the Podfile.lock. Run 'pod install' or update your CocoaPods installation.\nEOM\n    exit 1\nfi\n";
			showEnvVarsInLog = 0;
		};
/* End PBXShellScriptBuildPhase section */

/* Begin PBXSourcesBuildPhase section */
		0464189B1D19446D00D338CC /* Sources */ = {
			isa = PBXSourcesBuildPhase;
			buildActionMask = 2147483647;
			files = (
				1FF6E3AC1D4CAB8000F261ED /* TopAdModel.m in Sources */,
				046418D81D1947F200D338CC /* BaseTabBarController.m in Sources */,
				1FF6E3A31D4C8E1100F261ED /* TAAbstractDotView.m in Sources */,
				1FA5761A1D1E625200136838 /* BaseViewController.m in Sources */,
				1F9DAE3B1D30A57B0000F424 /* SettingViewController.m in Sources */,
				1F61572B1D1F80250060C874 /* OnlineCollectionCell.m in Sources */,
				1FF6E3B21D4CB7DB00F261ED /* NewShowCell.m in Sources */,
				1FA5760A1D1E2CFC00136838 /* OnlineViewController.m in Sources */,
				046418A71D19446D00D338CC /* AppDelegate.m in Sources */,
				1FF6E3A91D4C8E1100F261ED /* UIView+SDExtension.m in Sources */,
				1FF6E3AF1D4CB6A600F261ED /* NewShowModel.m in Sources */,
				1F9DAE411D30A8610000F424 /* SettingSectionView.m in Sources */,
				1FF6E3A41D4C8E1100F261ED /* TAAnimatedDotView.m in Sources */,
				A1132B011D803B72002D1B0C /* ChanelData.m in Sources */,
				1FF6E3A81D4C8E1100F261ED /* SDCycleScrollView.m in Sources */,
				1F287AD01D39FF1700614EFD /* SettingSliderCell.m in Sources */,
				041252E11D38E91D00C7AC47 /* ColumnModel.m in Sources */,
				1FF6E3A61D4C8E1100F261ED /* TAPageControl.m in Sources */,
				1F287ACD1D39D2EF00614EFD /* SettingSwitchCell.m in Sources */,
				1FA576041D1E2CDB00136838 /* RecommendController.m in Sources */,
				1FB8842E1D740AF600AF4B9F /* RecommendHeadView.m in Sources */,
				1F61572E1D1F834C0060C874 /* OnlineModel.m in Sources */,
				1FF6E3A21D4C8E1100F261ED /* NSData+SDDataCache.m in Sources */,
				1FA576101D1E2DFE00136838 /* BaseNavigationController.m in Sources */,
				046418A41D19446D00D338CC /* main.m in Sources */,
				041252DE1D38E89F00C7AC47 /* ColumnCell.m in Sources */,
				1FA576071D1E2CEC00136838 /* ColumnController.m in Sources */,
				1FF6E3A51D4C8E1100F261ED /* TADotView.m in Sources */,
				1FA576171D1E42F700136838 /* MineFirstCell.m in Sources */,
				1FA5760D1D1E2D0A00136838 /* MineController.m in Sources */,
				1FF6E3A71D4C8E1100F261ED /* SDCollectionViewCell.m in Sources */,
			);
			runOnlyForDeploymentPostprocessing = 0;
		};
		046418B41D19446D00D338CC /* Sources */ = {
			isa = PBXSourcesBuildPhase;
			buildActionMask = 2147483647;
			files = (
				046418BD1D19446D00D338CC /* MyDouYuTests.m in Sources */,
			);
			runOnlyForDeploymentPostprocessing = 0;
		};
		046418BF1D19446D00D338CC /* Sources */ = {
			isa = PBXSourcesBuildPhase;
			buildActionMask = 2147483647;
			files = (
				046418C81D19446D00D338CC /* MyDouYuUITests.m in Sources */,
			);
			runOnlyForDeploymentPostprocessing = 0;
		};
/* End PBXSourcesBuildPhase section */

/* Begin PBXTargetDependency section */
		046418BA1D19446D00D338CC /* PBXTargetDependency */ = {
			isa = PBXTargetDependency;
			target = 0464189E1D19446D00D338CC /* MyDouYu */;
			targetProxy = 046418B91D19446D00D338CC /* PBXContainerItemProxy */;
		};
		046418C51D19446D00D338CC /* PBXTargetDependency */ = {
			isa = PBXTargetDependency;
			target = 0464189E1D19446D00D338CC /* MyDouYu */;
			targetProxy = 046418C41D19446D00D338CC /* PBXContainerItemProxy */;
		};
/* End PBXTargetDependency section */

/* Begin PBXVariantGroup section */
		046418AB1D19446D00D338CC /* Main.storyboard */ = {
			isa = PBXVariantGroup;
			children = (
				046418AC1D19446D00D338CC /* Base */,
			);
			name = Main.storyboard;
			sourceTree = "<group>";
		};
		046418B01D19446D00D338CC /* LaunchScreen.storyboard */ = {
			isa = PBXVariantGroup;
			children = (
				046418B11D19446D00D338CC /* Base */,
			);
			name = LaunchScreen.storyboard;
			sourceTree = "<group>";
		};
/* End PBXVariantGroup section */

/* Begin XCBuildConfiguration section */
		046418CA1D19446D00D338CC /* Debug */ = {
			isa = XCBuildConfiguration;
			buildSettings = {
				ALWAYS_SEARCH_USER_PATHS = NO;
				CLANG_ANALYZER_NONNULL = YES;
				CLANG_CXX_LANGUAGE_STANDARD = "gnu++0x";
				CLANG_CXX_LIBRARY = "libc++";
				CLANG_ENABLE_MODULES = YES;
				CLANG_ENABLE_OBJC_ARC = YES;
				CLANG_WARN_BOOL_CONVERSION = YES;
				CLANG_WARN_CONSTANT_CONVERSION = YES;
				CLANG_WARN_DIRECT_OBJC_ISA_USAGE = YES_ERROR;
				CLANG_WARN_EMPTY_BODY = YES;
				CLANG_WARN_ENUM_CONVERSION = YES;
				CLANG_WARN_INT_CONVERSION = YES;
				CLANG_WARN_OBJC_ROOT_CLASS = YES_ERROR;
				CLANG_WARN_UNREACHABLE_CODE = YES;
				CLANG_WARN__DUPLICATE_METHOD_MATCH = YES;
				"CODE_SIGN_IDENTITY[sdk=iphoneos*]" = "iPhone Developer";
				COPY_PHASE_STRIP = NO;
				DEBUG_INFORMATION_FORMAT = dwarf;
				ENABLE_STRICT_OBJC_MSGSEND = YES;
				ENABLE_TESTABILITY = YES;
				GCC_C_LANGUAGE_STANDARD = gnu99;
				GCC_DYNAMIC_NO_PIC = NO;
				GCC_NO_COMMON_BLOCKS = YES;
				GCC_OPTIMIZATION_LEVEL = 0;
				GCC_PREPROCESSOR_DEFINITIONS = (
					"DEBUG=1",
					"$(inherited)",
				);
				GCC_WARN_64_TO_32_BIT_CONVERSION = YES;
				GCC_WARN_ABOUT_RETURN_TYPE = YES_ERROR;
				GCC_WARN_UNDECLARED_SELECTOR = YES;
				GCC_WARN_UNINITIALIZED_AUTOS = YES_AGGRESSIVE;
				GCC_WARN_UNUSED_FUNCTION = YES;
				GCC_WARN_UNUSED_VARIABLE = YES;
				IPHONEOS_DEPLOYMENT_TARGET = 9.3;
				MTL_ENABLE_DEBUG_INFO = YES;
				ONLY_ACTIVE_ARCH = YES;
				SDKROOT = iphoneos;
			};
			name = Debug;
		};
		046418CB1D19446D00D338CC /* Release */ = {
			isa = XCBuildConfiguration;
			buildSettings = {
				ALWAYS_SEARCH_USER_PATHS = NO;
				CLANG_ANALYZER_NONNULL = YES;
				CLANG_CXX_LANGUAGE_STANDARD = "gnu++0x";
				CLANG_CXX_LIBRARY = "libc++";
				CLANG_ENABLE_MODULES = YES;
				CLANG_ENABLE_OBJC_ARC = YES;
				CLANG_WARN_BOOL_CONVERSION = YES;
				CLANG_WARN_CONSTANT_CONVERSION = YES;
				CLANG_WARN_DIRECT_OBJC_ISA_USAGE = YES_ERROR;
				CLANG_WARN_EMPTY_BODY = YES;
				CLANG_WARN_ENUM_CONVERSION = YES;
				CLANG_WARN_INT_CONVERSION = YES;
				CLANG_WARN_OBJC_ROOT_CLASS = YES_ERROR;
				CLANG_WARN_UNREACHABLE_CODE = YES;
				CLANG_WARN__DUPLICATE_METHOD_MATCH = YES;
				"CODE_SIGN_IDENTITY[sdk=iphoneos*]" = "iPhone Developer";
				COPY_PHASE_STRIP = NO;
				DEBUG_INFORMATION_FORMAT = "dwarf-with-dsym";
				ENABLE_NS_ASSERTIONS = NO;
				ENABLE_STRICT_OBJC_MSGSEND = YES;
				GCC_C_LANGUAGE_STANDARD = gnu99;
				GCC_NO_COMMON_BLOCKS = YES;
				GCC_WARN_64_TO_32_BIT_CONVERSION = YES;
				GCC_WARN_ABOUT_RETURN_TYPE = YES_ERROR;
				GCC_WARN_UNDECLARED_SELECTOR = YES;
				GCC_WARN_UNINITIALIZED_AUTOS = YES_AGGRESSIVE;
				GCC_WARN_UNUSED_FUNCTION = YES;
				GCC_WARN_UNUSED_VARIABLE = YES;
				IPHONEOS_DEPLOYMENT_TARGET = 9.3;
				MTL_ENABLE_DEBUG_INFO = NO;
				SDKROOT = iphoneos;
				VALIDATE_PRODUCT = YES;
			};
			name = Release;
		};
		046418CD1D19446D00D338CC /* Debug */ = {
			isa = XCBuildConfiguration;
			baseConfigurationReference = 71BA5C1CB50BFAC1A44FC666 /* Pods-MyDouYu.debug.xcconfig */;
			buildSettings = {
				ASSETCATALOG_COMPILER_APPICON_NAME = AppIcon;
				GCC_PREFIX_HEADER = MyDouYu/MyDouYu_PrefixHeader.pch;
				INFOPLIST_FILE = MyDouYu/Info.plist;
				LD_RUNPATH_SEARCH_PATHS = "$(inherited) @executable_path/Frameworks";
				PRODUCT_BUNDLE_IDENTIFIER = TUTK.MyDouYu;
				PRODUCT_NAME = "$(TARGET_NAME)";
			};
			name = Debug;
		};
		046418CE1D19446D00D338CC /* Release */ = {
			isa = XCBuildConfiguration;
			baseConfigurationReference = 256BC3C7559698A72174B308 /* Pods-MyDouYu.release.xcconfig */;
			buildSettings = {
				ASSETCATALOG_COMPILER_APPICON_NAME = AppIcon;
				GCC_PREFIX_HEADER = MyDouYu/MyDouYu_PrefixHeader.pch;
				INFOPLIST_FILE = MyDouYu/Info.plist;
				LD_RUNPATH_SEARCH_PATHS = "$(inherited) @executable_path/Frameworks";
				PRODUCT_BUNDLE_IDENTIFIER = TUTK.MyDouYu;
				PRODUCT_NAME = "$(TARGET_NAME)";
			};
			name = Release;
		};
		046418D01D19446D00D338CC /* Debug */ = {
			isa = XCBuildConfiguration;
			buildSettings = {
				BUNDLE_LOADER = "$(TEST_HOST)";
				INFOPLIST_FILE = MyDouYuTests/Info.plist;
				LD_RUNPATH_SEARCH_PATHS = "$(inherited) @executable_path/Frameworks @loader_path/Frameworks";
				PRODUCT_BUNDLE_IDENTIFIER = TUTK.MyDouYuTests;
				PRODUCT_NAME = "$(TARGET_NAME)";
				TEST_HOST = "$(BUILT_PRODUCTS_DIR)/MyDouYu.app/MyDouYu";
			};
			name = Debug;
		};
		046418D11D19446D00D338CC /* Release */ = {
			isa = XCBuildConfiguration;
			buildSettings = {
				BUNDLE_LOADER = "$(TEST_HOST)";
				INFOPLIST_FILE = MyDouYuTests/Info.plist;
				LD_RUNPATH_SEARCH_PATHS = "$(inherited) @executable_path/Frameworks @loader_path/Frameworks";
				PRODUCT_BUNDLE_IDENTIFIER = TUTK.MyDouYuTests;
				PRODUCT_NAME = "$(TARGET_NAME)";
				TEST_HOST = "$(BUILT_PRODUCTS_DIR)/MyDouYu.app/MyDouYu";
			};
			name = Release;
		};
		046418D31D19446D00D338CC /* Debug */ = {
			isa = XCBuildConfiguration;
			buildSettings = {
				INFOPLIST_FILE = MyDouYuUITests/Info.plist;
				LD_RUNPATH_SEARCH_PATHS = "$(inherited) @executable_path/Frameworks @loader_path/Frameworks";
				PRODUCT_BUNDLE_IDENTIFIER = TUTK.MyDouYuUITests;
				PRODUCT_NAME = "$(TARGET_NAME)";
				TEST_TARGET_NAME = MyDouYu;
			};
			name = Debug;
		};
		046418D41D19446D00D338CC /* Release */ = {
			isa = XCBuildConfiguration;
			buildSettings = {
				INFOPLIST_FILE = MyDouYuUITests/Info.plist;
				LD_RUNPATH_SEARCH_PATHS = "$(inherited) @executable_path/Frameworks @loader_path/Frameworks";
				PRODUCT_BUNDLE_IDENTIFIER = TUTK.MyDouYuUITests;
				PRODUCT_NAME = "$(TARGET_NAME)";
				TEST_TARGET_NAME = MyDouYu;
			};
			name = Release;
		};
/* End XCBuildConfiguration section */

/* Begin XCConfigurationList section */
		0464189A1D19446C00D338CC /* Build configuration list for PBXProject "MyDouYu" */ = {
			isa = XCConfigurationList;
			buildConfigurations = (
				046418CA1D19446D00D338CC /* Debug */,
				046418CB1D19446D00D338CC /* Release */,
			);
			defaultConfigurationIsVisible = 0;
			defaultConfigurationName = Release;
		};
		046418CC1D19446D00D338CC /* Build configuration list for PBXNativeTarget "MyDouYu" */ = {
			isa = XCConfigurationList;
			buildConfigurations = (
				046418CD1D19446D00D338CC /* Debug */,
				046418CE1D19446D00D338CC /* Release */,
			);
			defaultConfigurationIsVisible = 0;
			defaultConfigurationName = Release;
		};
		046418CF1D19446D00D338CC /* Build configuration list for PBXNativeTarget "MyDouYuTests" */ = {
			isa = XCConfigurationList;
			buildConfigurations = (
				046418D01D19446D00D338CC /* Debug */,
				046418D11D19446D00D338CC /* Release */,
			);
			defaultConfigurationIsVisible = 0;
			defaultConfigurationName = Release;
		};
		046418D21D19446D00D338CC /* Build configuration list for PBXNativeTarget "MyDouYuUITests" */ = {
			isa = XCConfigurationList;
			buildConfigurations = (
				046418D31D19446D00D338CC /* Debug */,
				046418D41D19446D00D338CC /* Release */,
			);
			defaultConfigurationIsVisible = 0;
			defaultConfigurationName = Release;
		};
/* End XCConfigurationList section */
	};
	rootObject = 046418971D19446C00D338CC /* Project object */;
}
